// !$*UTF8*$!
{
	archiveVersion = 1;
	classes = {
	};
	objectVersion = 46;
	objects = {

/* Begin PBXBuildFile section */
		FD1164E119A87B7300C1A41F /* LineLayout.m in Sources */ = {isa = PBXBuildFile; fileRef = FD1164E019A87B7300C1A41F /* LineLayout.m */; };
		FD1164E819A8808500C1A41F /* SDECandidateCell.m in Sources */ = {isa = PBXBuildFile; fileRef = FD1164E719A8808500C1A41F /* SDECandidateCell.m */; };
		FD3802B61981040100AE51DF /* Main_iPad.storyboard in Resources */ = {isa = PBXBuildFile; fileRef = FD3802B51981040100AE51DF /* Main_iPad.storyboard */; };
		FD4131341997486B00141578 /* SDEScanRoomViewController.m in Sources */ = {isa = PBXBuildFile; fileRef = FD41312C1997486B00141578 /* SDEScanRoomViewController.m */; };
		FD4131351997486B00141578 /* SDEFaceVCDataSource.m in Sources */ = {isa = PBXBuildFile; fileRef = FD41312E1997486B00141578 /* SDEFaceVCDataSource.m */; };
		FD4131361997486B00141578 /* FaceCell.m in Sources */ = {isa = PBXBuildFile; fileRef = FD4131311997486B00141578 /* FaceCell.m */; };
		FD4131371997486B00141578 /* PhotoCell.m in Sources */ = {isa = PBXBuildFile; fileRef = FD4131331997486B00141578 /* PhotoCell.m */; };
		FD41313A19974A5E00141578 /* PhotoScanManager.mm in Sources */ = {isa = PBXBuildFile; fileRef = FD41313919974A5E00141578 /* PhotoScanManager.mm */; };
		FD41313E1997541300141578 /* SDEPAVCDataSource.m in Sources */ = {isa = PBXBuildFile; fileRef = FD41313D1997541300141578 /* SDEPAVCDataSource.m */; };
		FD413140199764BB00141578 /* backupCode in Resources */ = {isa = PBXBuildFile; fileRef = FD41313F199764BB00141578 /* backupCode */; };
		FD67D882197DFCFB00D2CCDA /* Foundation.framework in Frameworks */ = {isa = PBXBuildFile; fileRef = FD67D881197DFCFB00D2CCDA /* Foundation.framework */; };
		FD67D884197DFCFB00D2CCDA /* CoreGraphics.framework in Frameworks */ = {isa = PBXBuildFile; fileRef = FD67D883197DFCFB00D2CCDA /* CoreGraphics.framework */; };
		FD67D886197DFCFB00D2CCDA /* UIKit.framework in Frameworks */ = {isa = PBXBuildFile; fileRef = FD67D885197DFCFB00D2CCDA /* UIKit.framework */; };
		FD67D888197DFCFB00D2CCDA /* CoreData.framework in Frameworks */ = {isa = PBXBuildFile; fileRef = FD67D887197DFCFB00D2CCDA /* CoreData.framework */; };
		FD67D88E197DFCFB00D2CCDA /* InfoPlist.strings in Resources */ = {isa = PBXBuildFile; fileRef = FD67D88C197DFCFB00D2CCDA /* InfoPlist.strings */; };
		FD67D890197DFCFB00D2CCDA /* main.m in Sources */ = {isa = PBXBuildFile; fileRef = FD67D88F197DFCFB00D2CCDA /* main.m */; };
		FD67D894197DFCFB00D2CCDA /* SDEAppDelegate.m in Sources */ = {isa = PBXBuildFile; fileRef = FD67D893197DFCFB00D2CCDA /* SDEAppDelegate.m */; };
		FD67D897197DFCFB00D2CCDA /* FaceAlbum.xcdatamodeld in Sources */ = {isa = PBXBuildFile; fileRef = FD67D895197DFCFB00D2CCDA /* FaceAlbum.xcdatamodeld */; };
		FD67D899197DFCFB00D2CCDA /* Images.xcassets in Resources */ = {isa = PBXBuildFile; fileRef = FD67D898197DFCFB00D2CCDA /* Images.xcassets */; };
		FD67D8A0197DFCFB00D2CCDA /* XCTest.framework in Frameworks */ = {isa = PBXBuildFile; fileRef = FD67D89F197DFCFB00D2CCDA /* XCTest.framework */; };
		FD67D8A1197DFCFB00D2CCDA /* Foundation.framework in Frameworks */ = {isa = PBXBuildFile; fileRef = FD67D881197DFCFB00D2CCDA /* Foundation.framework */; };
		FD67D8A2197DFCFB00D2CCDA /* UIKit.framework in Frameworks */ = {isa = PBXBuildFile; fileRef = FD67D885197DFCFB00D2CCDA /* UIKit.framework */; };
		FD67D8A3197DFCFB00D2CCDA /* CoreData.framework in Frameworks */ = {isa = PBXBuildFile; fileRef = FD67D887197DFCFB00D2CCDA /* CoreData.framework */; };
		FD67D8AB197DFCFB00D2CCDA /* InfoPlist.strings in Resources */ = {isa = PBXBuildFile; fileRef = FD67D8A9197DFCFB00D2CCDA /* InfoPlist.strings */; };
		FD67D8AD197DFCFB00D2CCDA /* FaceAlbumTests.m in Sources */ = {isa = PBXBuildFile; fileRef = FD67D8AC197DFCFB00D2CCDA /* FaceAlbumTests.m */; };
		FD67D8D1197DFD4A00D2CCDA /* FaceppAPI.m in Sources */ = {isa = PBXBuildFile; fileRef = FD67D8B8197DFD4A00D2CCDA /* FaceppAPI.m */; };
		FD67D8D2197DFD4A00D2CCDA /* FaceppClient.m in Sources */ = {isa = PBXBuildFile; fileRef = FD67D8BB197DFD4A00D2CCDA /* FaceppClient.m */; };
		FD67D8D3197DFD4A00D2CCDA /* FaceppDetection.m in Sources */ = {isa = PBXBuildFile; fileRef = FD67D8BD197DFD4A00D2CCDA /* FaceppDetection.m */; };
		FD67D8D4197DFD4A00D2CCDA /* FaceppFaceset.m in Sources */ = {isa = PBXBuildFile; fileRef = FD67D8BF197DFD4A00D2CCDA /* FaceppFaceset.m */; };
		FD67D8D5197DFD4A00D2CCDA /* FaceppGroup.m in Sources */ = {isa = PBXBuildFile; fileRef = FD67D8C1197DFD4A00D2CCDA /* FaceppGroup.m */; };
		FD67D8D6197DFD4A00D2CCDA /* FaceppGrouping.m in Sources */ = {isa = PBXBuildFile; fileRef = FD67D8C3197DFD4A00D2CCDA /* FaceppGrouping.m */; };
		FD67D8D7197DFD4A00D2CCDA /* FaceppInfo.m in Sources */ = {isa = PBXBuildFile; fileRef = FD67D8C5197DFD4A00D2CCDA /* FaceppInfo.m */; };
		FD67D8D8197DFD4A00D2CCDA /* FaceppPerson.m in Sources */ = {isa = PBXBuildFile; fileRef = FD67D8C7197DFD4A00D2CCDA /* FaceppPerson.m */; };
		FD67D8D9197DFD4A00D2CCDA /* FaceppRecognition.m in Sources */ = {isa = PBXBuildFile; fileRef = FD67D8C9197DFD4A00D2CCDA /* FaceppRecognition.m */; };
		FD67D8DA197DFD4A00D2CCDA /* FaceppTrainer.m in Sources */ = {isa = PBXBuildFile; fileRef = FD67D8CB197DFD4A00D2CCDA /* FaceppTrainer.m */; };
		FD67D8DB197DFD4A00D2CCDA /* FaceppError.m in Sources */ = {isa = PBXBuildFile; fileRef = FD67D8CE197DFD4A00D2CCDA /* FaceppError.m */; };
		FD67D8DC197DFD4A00D2CCDA /* FaceppResult.m in Sources */ = {isa = PBXBuildFile; fileRef = FD67D8D0197DFD4A00D2CCDA /* FaceppResult.m */; };
		FD67D8E3197DFD6100D2CCDA /* FaceppDetection+LocalResultUploader.m in Sources */ = {isa = PBXBuildFile; fileRef = FD67D8E0197DFD6100D2CCDA /* FaceppDetection+LocalResultUploader.m */; };
		FD67D8E4197DFD6100D2CCDA /* libFaceppLocalDetector.a in Frameworks */ = {isa = PBXBuildFile; fileRef = FD67D8E2197DFD6100D2CCDA /* libFaceppLocalDetector.a */; };
		FD67D8FA197E03EE00D2CCDA /* SDEReorderableCollectionViewFlowLayout.m in Sources */ = {isa = PBXBuildFile; fileRef = FD67D8F9197E03EE00D2CCDA /* SDEReorderableCollectionViewFlowLayout.m */; };
		FD67D8FD197E048400D2CCDA /* Store.m in Sources */ = {isa = PBXBuildFile; fileRef = FD67D8FC197E048400D2CCDA /* Store.m */; };
		FD732782197F5C03006C5A2C /* AssetsLibrary.framework in Frameworks */ = {isa = PBXBuildFile; fileRef = FD732781197F5C03006C5A2C /* AssetsLibrary.framework */; };
		FD7327A7197FA082006C5A2C /* QuartzCore.framework in Frameworks */ = {isa = PBXBuildFile; fileRef = FD7327A6197FA082006C5A2C /* QuartzCore.framework */; };
		FD7327AD197FDD60006C5A2C /* SDEMRVCDataSource.m in Sources */ = {isa = PBXBuildFile; fileRef = FD7327AC197FDD60006C5A2C /* SDEMRVCDataSource.m */; };
		FD7D2F95197E7B55004E8FFD /* SDEMontageRoomViewController.m in Sources */ = {isa = PBXBuildFile; fileRef = FD7D2F94197E7B55004E8FFD /* SDEMontageRoomViewController.m */; };
		FD7D2F9A197E97C7004E8FFD /* AlbumGroup.m in Sources */ = {isa = PBXBuildFile; fileRef = FD7D2F99197E97C7004E8FFD /* AlbumGroup.m */; };
		FD7D2F9D197E97C7004E8FFD /* Face.m in Sources */ = {isa = PBXBuildFile; fileRef = FD7D2F9C197E97C7004E8FFD /* Face.m */; };
		FD7D2FA0197E97C7004E8FFD /* Person.m in Sources */ = {isa = PBXBuildFile; fileRef = FD7D2F9F197E97C7004E8FFD /* Person.m */; };
		FD7D2FA3197E97C7004E8FFD /* Photo.m in Sources */ = {isa = PBXBuildFile; fileRef = FD7D2FA2197E97C7004E8FFD /* Photo.m */; };
		FD7D2FA5197E9AB2004E8FFD /* CoreImage.framework in Frameworks */ = {isa = PBXBuildFile; fileRef = FD7D2FA4197E9AB2004E8FFD /* CoreImage.framework */; };
		FD9590401985FA4C001C2345 /* avator@weibo.jpg in Resources */ = {isa = PBXBuildFile; fileRef = FD95903F1985FA4C001C2345 /* avator@weibo.jpg */; };
		FD9590481987CD5B001C2345 /* SDEPersonGalleryViewController.m in Sources */ = {isa = PBXBuildFile; fileRef = FD9590471987CD5B001C2345 /* SDEPersonGalleryViewController.m */; };
		FDE09AB91980A96400CDB283 /* AvatorCell.m in Sources */ = {isa = PBXBuildFile; fileRef = FDE09AB81980A96400CDB283 /* AvatorCell.m */; };
		FDE09ABC1981025E00CDB283 /* Smartisan.png in Resources */ = {isa = PBXBuildFile; fileRef = FDE09ABB1981025E00CDB283 /* Smartisan.png */; };
/* End PBXBuildFile section */

/* Begin PBXContainerItemProxy section */
		FD67D8A4197DFCFB00D2CCDA /* PBXContainerItemProxy */ = {
			isa = PBXContainerItemProxy;
			containerPortal = FD67D876197DFCFB00D2CCDA /* Project object */;
			proxyType = 1;
			remoteGlobalIDString = FD67D87D197DFCFB00D2CCDA;
			remoteInfo = FaceAlbum;
		};
/* End PBXContainerItemProxy section */

/* Begin PBXFileReference section */
		FD1164DF19A87B7300C1A41F /* LineLayout.h */ = {isa = PBXFileReference; fileEncoding = 4; lastKnownFileType = sourcecode.c.h; path = LineLayout.h; sourceTree = "<group>"; };
		FD1164E019A87B7300C1A41F /* LineLayout.m */ = {isa = PBXFileReference; fileEncoding = 4; lastKnownFileType = sourcecode.c.objc; path = LineLayout.m; sourceTree = "<group>"; };
		FD1164E619A8808500C1A41F /* SDECandidateCell.h */ = {isa = PBXFileReference; fileEncoding = 4; lastKnownFileType = sourcecode.c.h; path = SDECandidateCell.h; sourceTree = "<group>"; };
		FD1164E719A8808500C1A41F /* SDECandidateCell.m */ = {isa = PBXFileReference; fileEncoding = 4; lastKnownFileType = sourcecode.c.objc; path = SDECandidateCell.m; sourceTree = "<group>"; };
		FD3802B51981040100AE51DF /* Main_iPad.storyboard */ = {isa = PBXFileReference; fileEncoding = 4; lastKnownFileType = file.storyboard; name = Main_iPad.storyboard; path = ../Main_iPad.storyboard; sourceTree = "<group>"; };
		FD41312C1997486B00141578 /* SDEScanRoomViewController.m */ = {isa = PBXFileReference; fileEncoding = 4; lastKnownFileType = sourcecode.c.objc; path = SDEScanRoomViewController.m; sourceTree = "<group>"; };
		FD41312D1997486B00141578 /* SDEFaceVCDataSource.h */ = {isa = PBXFileReference; fileEncoding = 4; lastKnownFileType = sourcecode.c.h; path = SDEFaceVCDataSource.h; sourceTree = "<group>"; };
		FD41312E1997486B00141578 /* SDEFaceVCDataSource.m */ = {isa = PBXFileReference; fileEncoding = 4; lastKnownFileType = sourcecode.c.objc; path = SDEFaceVCDataSource.m; sourceTree = "<group>"; };
		FD41312F1997486B00141578 /* SDEScanRoomViewController.h */ = {isa = PBXFileReference; fileEncoding = 4; lastKnownFileType = sourcecode.c.h; path = SDEScanRoomViewController.h; sourceTree = "<group>"; };
		FD4131301997486B00141578 /* FaceCell.h */ = {isa = PBXFileReference; fileEncoding = 4; lastKnownFileType = sourcecode.c.h; path = FaceCell.h; sourceTree = "<group>"; };
		FD4131311997486B00141578 /* FaceCell.m */ = {isa = PBXFileReference; fileEncoding = 4; lastKnownFileType = sourcecode.c.objc; path = FaceCell.m; sourceTree = "<group>"; };
		FD4131321997486B00141578 /* PhotoCell.h */ = {isa = PBXFileReference; fileEncoding = 4; lastKnownFileType = sourcecode.c.h; path = PhotoCell.h; sourceTree = "<group>"; };
		FD4131331997486B00141578 /* PhotoCell.m */ = {isa = PBXFileReference; fileEncoding = 4; lastKnownFileType = sourcecode.c.objc; path = PhotoCell.m; sourceTree = "<group>"; };
		FD41313819974A5E00141578 /* PhotoScanManager.h */ = {isa = PBXFileReference; fileEncoding = 4; lastKnownFileType = sourcecode.c.h; path = PhotoScanManager.h; sourceTree = "<group>"; };
		FD41313919974A5E00141578 /* PhotoScanManager.mm */ = {isa = PBXFileReference; fileEncoding = 4; lastKnownFileType = sourcecode.cpp.objcpp; path = PhotoScanManager.mm; sourceTree = "<group>"; };
		FD41313B19974C7C00141578 /* FaceAlbum 3.xcdatamodel */ = {isa = PBXFileReference; lastKnownFileType = wrapper.xcdatamodel; path = "FaceAlbum 3.xcdatamodel"; sourceTree = "<group>"; };
		FD41313C1997541300141578 /* SDEPAVCDataSource.h */ = {isa = PBXFileReference; fileEncoding = 4; lastKnownFileType = sourcecode.c.h; path = SDEPAVCDataSource.h; sourceTree = "<group>"; };
		FD41313D1997541300141578 /* SDEPAVCDataSource.m */ = {isa = PBXFileReference; fileEncoding = 4; lastKnownFileType = sourcecode.c.objc; path = SDEPAVCDataSource.m; sourceTree = "<group>"; };
		FD41313F199764BB00141578 /* backupCode */ = {isa = PBXFileReference; fileEncoding = 4; lastKnownFileType = text; path = backupCode; sourceTree = "<group>"; };
		FD67D87E197DFCFB00D2CCDA /* FaceAlbum.app */ = {isa = PBXFileReference; explicitFileType = wrapper.application; includeInIndex = 0; path = FaceAlbum.app; sourceTree = BUILT_PRODUCTS_DIR; };
		FD67D881197DFCFB00D2CCDA /* Foundation.framework */ = {isa = PBXFileReference; lastKnownFileType = wrapper.framework; name = Foundation.framework; path = System/Library/Frameworks/Foundation.framework; sourceTree = SDKROOT; };
		FD67D883197DFCFB00D2CCDA /* CoreGraphics.framework */ = {isa = PBXFileReference; lastKnownFileType = wrapper.framework; name = CoreGraphics.framework; path = System/Library/Frameworks/CoreGraphics.framework; sourceTree = SDKROOT; };
		FD67D885197DFCFB00D2CCDA /* UIKit.framework */ = {isa = PBXFileReference; lastKnownFileType = wrapper.framework; name = UIKit.framework; path = System/Library/Frameworks/UIKit.framework; sourceTree = SDKROOT; };
		FD67D887197DFCFB00D2CCDA /* CoreData.framework */ = {isa = PBXFileReference; lastKnownFileType = wrapper.framework; name = CoreData.framework; path = System/Library/Frameworks/CoreData.framework; sourceTree = SDKROOT; };
		FD67D88B197DFCFB00D2CCDA /* FaceAlbum-Info.plist */ = {isa = PBXFileReference; lastKnownFileType = text.plist.xml; path = "FaceAlbum-Info.plist"; sourceTree = "<group>"; };
		FD67D88D197DFCFB00D2CCDA /* en */ = {isa = PBXFileReference; lastKnownFileType = text.plist.strings; name = en; path = en.lproj/InfoPlist.strings; sourceTree = "<group>"; };
		FD67D88F197DFCFB00D2CCDA /* main.m */ = {isa = PBXFileReference; lastKnownFileType = sourcecode.c.objc; path = main.m; sourceTree = "<group>"; };
		FD67D891197DFCFB00D2CCDA /* FaceAlbum-Prefix.pch */ = {isa = PBXFileReference; lastKnownFileType = sourcecode.c.h; path = "FaceAlbum-Prefix.pch"; sourceTree = "<group>"; };
		FD67D892197DFCFB00D2CCDA /* SDEAppDelegate.h */ = {isa = PBXFileReference; lastKnownFileType = sourcecode.c.h; path = SDEAppDelegate.h; sourceTree = "<group>"; };
		FD67D893197DFCFB00D2CCDA /* SDEAppDelegate.m */ = {isa = PBXFileReference; lastKnownFileType = sourcecode.c.objc; path = SDEAppDelegate.m; sourceTree = "<group>"; };
		FD67D896197DFCFB00D2CCDA /* FaceAlbum.xcdatamodel */ = {isa = PBXFileReference; lastKnownFileType = wrapper.xcdatamodel; path = FaceAlbum.xcdatamodel; sourceTree = "<group>"; };
		FD67D898197DFCFB00D2CCDA /* Images.xcassets */ = {isa = PBXFileReference; lastKnownFileType = folder.assetcatalog; path = Images.xcassets; sourceTree = "<group>"; };
		FD67D89E197DFCFB00D2CCDA /* FaceAlbumTests.xctest */ = {isa = PBXFileReference; explicitFileType = wrapper.cfbundle; includeInIndex = 0; path = FaceAlbumTests.xctest; sourceTree = BUILT_PRODUCTS_DIR; };
		FD67D89F197DFCFB00D2CCDA /* XCTest.framework */ = {isa = PBXFileReference; lastKnownFileType = wrapper.framework; name = XCTest.framework; path = Library/Frameworks/XCTest.framework; sourceTree = DEVELOPER_DIR; };
		FD67D8A8197DFCFB00D2CCDA /* FaceAlbumTests-Info.plist */ = {isa = PBXFileReference; lastKnownFileType = text.plist.xml; path = "FaceAlbumTests-Info.plist"; sourceTree = "<group>"; };
		FD67D8AA197DFCFB00D2CCDA /* en */ = {isa = PBXFileReference; lastKnownFileType = text.plist.strings; name = en; path = en.lproj/InfoPlist.strings; sourceTree = "<group>"; };
		FD67D8AC197DFCFB00D2CCDA /* FaceAlbumTests.m */ = {isa = PBXFileReference; lastKnownFileType = sourcecode.c.objc; path = FaceAlbumTests.m; sourceTree = "<group>"; };
		FD67D8B7197DFD4A00D2CCDA /* FaceppAPI.h */ = {isa = PBXFileReference; fileEncoding = 4; lastKnownFileType = sourcecode.c.h; path = FaceppAPI.h; sourceTree = "<group>"; };
		FD67D8B8197DFD4A00D2CCDA /* FaceppAPI.m */ = {isa = PBXFileReference; fileEncoding = 4; lastKnownFileType = sourcecode.c.objc; path = FaceppAPI.m; sourceTree = "<group>"; };
		FD67D8BA197DFD4A00D2CCDA /* FaceppClient.h */ = {isa = PBXFileReference; fileEncoding = 4; lastKnownFileType = sourcecode.c.h; path = FaceppClient.h; sourceTree = "<group>"; };
		FD67D8BB197DFD4A00D2CCDA /* FaceppClient.m */ = {isa = PBXFileReference; fileEncoding = 4; lastKnownFileType = sourcecode.c.objc; path = FaceppClient.m; sourceTree = "<group>"; };
		FD67D8BC197DFD4A00D2CCDA /* FaceppDetection.h */ = {isa = PBXFileReference; fileEncoding = 4; lastKnownFileType = sourcecode.c.h; path = FaceppDetection.h; sourceTree = "<group>"; };
		FD67D8BD197DFD4A00D2CCDA /* FaceppDetection.m */ = {isa = PBXFileReference; fileEncoding = 4; lastKnownFileType = sourcecode.c.objc; path = FaceppDetection.m; sourceTree = "<group>"; };
		FD67D8BE197DFD4A00D2CCDA /* FaceppFaceset.h */ = {isa = PBXFileReference; fileEncoding = 4; lastKnownFileType = sourcecode.c.h; path = FaceppFaceset.h; sourceTree = "<group>"; };
		FD67D8BF197DFD4A00D2CCDA /* FaceppFaceset.m */ = {isa = PBXFileReference; fileEncoding = 4; lastKnownFileType = sourcecode.c.objc; path = FaceppFaceset.m; sourceTree = "<group>"; };
		FD67D8C0197DFD4A00D2CCDA /* FaceppGroup.h */ = {isa = PBXFileReference; fileEncoding = 4; lastKnownFileType = sourcecode.c.h; path = FaceppGroup.h; sourceTree = "<group>"; };
		FD67D8C1197DFD4A00D2CCDA /* FaceppGroup.m */ = {isa = PBXFileReference; fileEncoding = 4; lastKnownFileType = sourcecode.c.objc; path = FaceppGroup.m; sourceTree = "<group>"; };
		FD67D8C2197DFD4A00D2CCDA /* FaceppGrouping.h */ = {isa = PBXFileReference; fileEncoding = 4; lastKnownFileType = sourcecode.c.h; path = FaceppGrouping.h; sourceTree = "<group>"; };
		FD67D8C3197DFD4A00D2CCDA /* FaceppGrouping.m */ = {isa = PBXFileReference; fileEncoding = 4; lastKnownFileType = sourcecode.c.objc; path = FaceppGrouping.m; sourceTree = "<group>"; };
		FD67D8C4197DFD4A00D2CCDA /* FaceppInfo.h */ = {isa = PBXFileReference; fileEncoding = 4; lastKnownFileType = sourcecode.c.h; path = FaceppInfo.h; sourceTree = "<group>"; };
		FD67D8C5197DFD4A00D2CCDA /* FaceppInfo.m */ = {isa = PBXFileReference; fileEncoding = 4; lastKnownFileType = sourcecode.c.objc; path = FaceppInfo.m; sourceTree = "<group>"; };
		FD67D8C6197DFD4A00D2CCDA /* FaceppPerson.h */ = {isa = PBXFileReference; fileEncoding = 4; lastKnownFileType = sourcecode.c.h; path = FaceppPerson.h; sourceTree = "<group>"; };
		FD67D8C7197DFD4A00D2CCDA /* FaceppPerson.m */ = {isa = PBXFileReference; fileEncoding = 4; lastKnownFileType = sourcecode.c.objc; path = FaceppPerson.m; sourceTree = "<group>"; };
		FD67D8C8197DFD4A00D2CCDA /* FaceppRecognition.h */ = {isa = PBXFileReference; fileEncoding = 4; lastKnownFileType = sourcecode.c.h; path = FaceppRecognition.h; sourceTree = "<group>"; };
		FD67D8C9197DFD4A00D2CCDA /* FaceppRecognition.m */ = {isa = PBXFileReference; fileEncoding = 4; lastKnownFileType = sourcecode.c.objc; path = FaceppRecognition.m; sourceTree = "<group>"; };
		FD67D8CA197DFD4A00D2CCDA /* FaceppTrainer.h */ = {isa = PBXFileReference; fileEncoding = 4; lastKnownFileType = sourcecode.c.h; path = FaceppTrainer.h; sourceTree = "<group>"; };
		FD67D8CB197DFD4A00D2CCDA /* FaceppTrainer.m */ = {isa = PBXFileReference; fileEncoding = 4; lastKnownFileType = sourcecode.c.objc; path = FaceppTrainer.m; sourceTree = "<group>"; };
		FD67D8CD197DFD4A00D2CCDA /* FaceppError.h */ = {isa = PBXFileReference; fileEncoding = 4; lastKnownFileType = sourcecode.c.h; path = FaceppError.h; sourceTree = "<group>"; };
		FD67D8CE197DFD4A00D2CCDA /* FaceppError.m */ = {isa = PBXFileReference; fileEncoding = 4; lastKnownFileType = sourcecode.c.objc; path = FaceppError.m; sourceTree = "<group>"; };
		FD67D8CF197DFD4A00D2CCDA /* FaceppResult.h */ = {isa = PBXFileReference; fileEncoding = 4; lastKnownFileType = sourcecode.c.h; path = FaceppResult.h; sourceTree = "<group>"; };
		FD67D8D0197DFD4A00D2CCDA /* FaceppResult.m */ = {isa = PBXFileReference; fileEncoding = 4; lastKnownFileType = sourcecode.c.objc; path = FaceppResult.m; sourceTree = "<group>"; };
		FD67D8DE197DFD6100D2CCDA /* APIKey+APISecret.h */ = {isa = PBXFileReference; fileEncoding = 4; lastKnownFileType = sourcecode.c.h; path = "APIKey+APISecret.h"; sourceTree = "<group>"; };
		FD67D8DF197DFD6100D2CCDA /* FaceppDetection+LocalResultUploader.h */ = {isa = PBXFileReference; fileEncoding = 4; lastKnownFileType = sourcecode.c.h; path = "FaceppDetection+LocalResultUploader.h"; sourceTree = "<group>"; };
		FD67D8E0197DFD6100D2CCDA /* FaceppDetection+LocalResultUploader.m */ = {isa = PBXFileReference; fileEncoding = 4; lastKnownFileType = sourcecode.c.objc; path = "FaceppDetection+LocalResultUploader.m"; sourceTree = "<group>"; };
		FD67D8E1197DFD6100D2CCDA /* FaceppLocalDetector.h */ = {isa = PBXFileReference; fileEncoding = 4; lastKnownFileType = sourcecode.c.h; path = FaceppLocalDetector.h; sourceTree = "<group>"; };
		FD67D8E2197DFD6100D2CCDA /* libFaceppLocalDetector.a */ = {isa = PBXFileReference; lastKnownFileType = archive.ar; path = libFaceppLocalDetector.a; sourceTree = "<group>"; };
		FD67D8F8197E03EE00D2CCDA /* SDEReorderableCollectionViewFlowLayout.h */ = {isa = PBXFileReference; fileEncoding = 4; lastKnownFileType = sourcecode.c.h; path = SDEReorderableCollectionViewFlowLayout.h; sourceTree = "<group>"; };
		FD67D8F9197E03EE00D2CCDA /* SDEReorderableCollectionViewFlowLayout.m */ = {isa = PBXFileReference; fileEncoding = 4; lastKnownFileType = sourcecode.c.objc; path = SDEReorderableCollectionViewFlowLayout.m; sourceTree = "<group>"; };
		FD67D8FB197E048400D2CCDA /* Store.h */ = {isa = PBXFileReference; fileEncoding = 4; lastKnownFileType = sourcecode.c.h; path = Store.h; sourceTree = "<group>"; };
		FD67D8FC197E048400D2CCDA /* Store.m */ = {isa = PBXFileReference; fileEncoding = 4; lastKnownFileType = sourcecode.c.objc; path = Store.m; sourceTree = "<group>"; };
		FD732781197F5C03006C5A2C /* AssetsLibrary.framework */ = {isa = PBXFileReference; lastKnownFileType = wrapper.framework; name = AssetsLibrary.framework; path = System/Library/Frameworks/AssetsLibrary.framework; sourceTree = SDKROOT; };
		FD7327A6197FA082006C5A2C /* QuartzCore.framework */ = {isa = PBXFileReference; lastKnownFileType = wrapper.framework; name = QuartzCore.framework; path = System/Library/Frameworks/QuartzCore.framework; sourceTree = SDKROOT; };
		FD7327AB197FDD60006C5A2C /* SDEMRVCDataSource.h */ = {isa = PBXFileReference; fileEncoding = 4; lastKnownFileType = sourcecode.c.h; path = SDEMRVCDataSource.h; sourceTree = "<group>"; };
		FD7327AC197FDD60006C5A2C /* SDEMRVCDataSource.m */ = {isa = PBXFileReference; fileEncoding = 4; lastKnownFileType = sourcecode.c.objc; path = SDEMRVCDataSource.m; sourceTree = "<group>"; };
		FD7D2F93197E7B55004E8FFD /* SDEMontageRoomViewController.h */ = {isa = PBXFileReference; fileEncoding = 4; lastKnownFileType = sourcecode.c.h; path = SDEMontageRoomViewController.h; sourceTree = "<group>"; };
		FD7D2F94197E7B55004E8FFD /* SDEMontageRoomViewController.m */ = {isa = PBXFileReference; fileEncoding = 4; lastKnownFileType = sourcecode.c.objc; path = SDEMontageRoomViewController.m; sourceTree = "<group>"; };
		FD7D2F98197E97C7004E8FFD /* AlbumGroup.h */ = {isa = PBXFileReference; fileEncoding = 4; lastKnownFileType = sourcecode.c.h; path = AlbumGroup.h; sourceTree = "<group>"; };
		FD7D2F99197E97C7004E8FFD /* AlbumGroup.m */ = {isa = PBXFileReference; fileEncoding = 4; lastKnownFileType = sourcecode.c.objc; path = AlbumGroup.m; sourceTree = "<group>"; };
		FD7D2F9B197E97C7004E8FFD /* Face.h */ = {isa = PBXFileReference; fileEncoding = 4; lastKnownFileType = sourcecode.c.h; path = Face.h; sourceTree = "<group>"; };
		FD7D2F9C197E97C7004E8FFD /* Face.m */ = {isa = PBXFileReference; fileEncoding = 4; lastKnownFileType = sourcecode.c.objc; path = Face.m; sourceTree = "<group>"; };
		FD7D2F9E197E97C7004E8FFD /* Person.h */ = {isa = PBXFileReference; fileEncoding = 4; lastKnownFileType = sourcecode.c.h; path = Person.h; sourceTree = "<group>"; };
		FD7D2F9F197E97C7004E8FFD /* Person.m */ = {isa = PBXFileReference; fileEncoding = 4; lastKnownFileType = sourcecode.c.objc; path = Person.m; sourceTree = "<group>"; };
		FD7D2FA1197E97C7004E8FFD /* Photo.h */ = {isa = PBXFileReference; fileEncoding = 4; lastKnownFileType = sourcecode.c.h; path = Photo.h; sourceTree = "<group>"; };
		FD7D2FA2197E97C7004E8FFD /* Photo.m */ = {isa = PBXFileReference; fileEncoding = 4; lastKnownFileType = sourcecode.c.objc; path = Photo.m; sourceTree = "<group>"; };
		FD7D2FA4197E9AB2004E8FFD /* CoreImage.framework */ = {isa = PBXFileReference; lastKnownFileType = wrapper.framework; name = CoreImage.framework; path = System/Library/Frameworks/CoreImage.framework; sourceTree = SDKROOT; };
		FD95903E198526F6001C2345 /* FaceAlbum 2.xcdatamodel */ = {isa = PBXFileReference; lastKnownFileType = wrapper.xcdatamodel; path = "FaceAlbum 2.xcdatamodel"; sourceTree = "<group>"; };
		FD95903F1985FA4C001C2345 /* avator@weibo.jpg */ = {isa = PBXFileReference; lastKnownFileType = image.jpeg; name = "avator@weibo.jpg"; path = "../FaceppLocalDetector/avator@weibo.jpg"; sourceTree = "<group>"; };
		FD9590461987CD5B001C2345 /* SDEPersonGalleryViewController.h */ = {isa = PBXFileReference; fileEncoding = 4; lastKnownFileType = sourcecode.c.h; path = SDEPersonGalleryViewController.h; sourceTree = "<group>"; };
		FD9590471987CD5B001C2345 /* SDEPersonGalleryViewController.m */ = {isa = PBXFileReference; fileEncoding = 4; lastKnownFileType = sourcecode.c.objc; path = SDEPersonGalleryViewController.m; sourceTree = "<group>"; };
		FDE09AB71980A96400CDB283 /* AvatorCell.h */ = {isa = PBXFileReference; fileEncoding = 4; lastKnownFileType = sourcecode.c.h; path = AvatorCell.h; sourceTree = "<group>"; };
		FDE09AB81980A96400CDB283 /* AvatorCell.m */ = {isa = PBXFileReference; fileEncoding = 4; lastKnownFileType = sourcecode.c.objc; path = AvatorCell.m; sourceTree = "<group>"; };
		FDE09ABB1981025E00CDB283 /* Smartisan.png */ = {isa = PBXFileReference; lastKnownFileType = image.png; name = Smartisan.png; path = ../../../Downloads/Smartisan.png; sourceTree = "<group>"; };
/* End PBXFileReference section */

/* Begin PBXFrameworksBuildPhase section */
		FD67D87B197DFCFB00D2CCDA /* Frameworks */ = {
			isa = PBXFrameworksBuildPhase;
			buildActionMask = 2147483647;
			files = (
				FD7327A7197FA082006C5A2C /* QuartzCore.framework in Frameworks */,
				FD732782197F5C03006C5A2C /* AssetsLibrary.framework in Frameworks */,
				FD7D2FA5197E9AB2004E8FFD /* CoreImage.framework in Frameworks */,
				FD67D8E4197DFD6100D2CCDA /* libFaceppLocalDetector.a in Frameworks */,
				FD67D884197DFCFB00D2CCDA /* CoreGraphics.framework in Frameworks */,
				FD67D888197DFCFB00D2CCDA /* CoreData.framework in Frameworks */,
				FD67D886197DFCFB00D2CCDA /* UIKit.framework in Frameworks */,
				FD67D882197DFCFB00D2CCDA /* Foundation.framework in Frameworks */,
			);
			runOnlyForDeploymentPostprocessing = 0;
		};
		FD67D89B197DFCFB00D2CCDA /* Frameworks */ = {
			isa = PBXFrameworksBuildPhase;
			buildActionMask = 2147483647;
			files = (
				FD67D8A0197DFCFB00D2CCDA /* XCTest.framework in Frameworks */,
				FD67D8A3197DFCFB00D2CCDA /* CoreData.framework in Frameworks */,
				FD67D8A2197DFCFB00D2CCDA /* UIKit.framework in Frameworks */,
				FD67D8A1197DFCFB00D2CCDA /* Foundation.framework in Frameworks */,
			);
			runOnlyForDeploymentPostprocessing = 0;
		};
/* End PBXFrameworksBuildPhase section */

/* Begin PBXGroup section */
		FD1164E219A87B7A00C1A41F /* LineLayout */ = {
			isa = PBXGroup;
			children = (
				FD1164DF19A87B7300C1A41F /* LineLayout.h */,
				FD1164E019A87B7300C1A41F /* LineLayout.m */,
			);
			name = LineLayout;
			sourceTree = "<group>";
		};
		FD4131281997050A00141578 /* ScanRoom */ = {
			isa = PBXGroup;
			children = (
				FD41312F1997486B00141578 /* SDEScanRoomViewController.h */,
				FD41312C1997486B00141578 /* SDEScanRoomViewController.m */,
				FD41312D1997486B00141578 /* SDEFaceVCDataSource.h */,
				FD41312E1997486B00141578 /* SDEFaceVCDataSource.m */,
				FD41313819974A5E00141578 /* PhotoScanManager.h */,
				FD41313919974A5E00141578 /* PhotoScanManager.mm */,
				FD4131301997486B00141578 /* FaceCell.h */,
				FD4131311997486B00141578 /* FaceCell.m */,
				FD4131321997486B00141578 /* PhotoCell.h */,
				FD4131331997486B00141578 /* PhotoCell.m */,
			);
			name = ScanRoom;
			sourceTree = "<group>";
		};
		FD4131291997052500141578 /* MontageRoom */ = {
			isa = PBXGroup;
			children = (
				FD7D2F93197E7B55004E8FFD /* SDEMontageRoomViewController.h */,
				FD7D2F94197E7B55004E8FFD /* SDEMontageRoomViewController.m */,
				FD7327AB197FDD60006C5A2C /* SDEMRVCDataSource.h */,
				FD7327AC197FDD60006C5A2C /* SDEMRVCDataSource.m */,
				FDE09AB71980A96400CDB283 /* AvatorCell.h */,
				FDE09AB81980A96400CDB283 /* AvatorCell.m */,
				FD1164E619A8808500C1A41F /* SDECandidateCell.h */,
				FD1164E719A8808500C1A41F /* SDECandidateCell.m */,
			);
			name = MontageRoom;
			sourceTree = "<group>";
		};
		FD41312A1997053400141578 /* PersonGallery */ = {
			isa = PBXGroup;
			children = (
				FD9590461987CD5B001C2345 /* SDEPersonGalleryViewController.h */,
				FD9590471987CD5B001C2345 /* SDEPersonGalleryViewController.m */,
				FD41313C1997541300141578 /* SDEPAVCDataSource.h */,
				FD41313D1997541300141578 /* SDEPAVCDataSource.m */,
			);
			name = PersonGallery;
			sourceTree = "<group>";
		};
		FD67D875197DFCFB00D2CCDA = {
			isa = PBXGroup;
			children = (
				FD41313F199764BB00141578 /* backupCode */,
				FD9590411985FA76001C2345 /* Source */,
				FD67D8F6197DFD8900D2CCDA /* ThirdPackage */,
				FD67D889197DFCFB00D2CCDA /* FaceAlbum */,
				FD7D2F97197E8C90004E8FFD /* ManagedObjectSubclass */,
				FD67D8A6197DFCFB00D2CCDA /* FaceAlbumTests */,
				FD67D880197DFCFB00D2CCDA /* Frameworks */,
				FD67D87F197DFCFB00D2CCDA /* Products */,
			);
			sourceTree = "<group>";
		};
		FD67D87F197DFCFB00D2CCDA /* Products */ = {
			isa = PBXGroup;
			children = (
				FD67D87E197DFCFB00D2CCDA /* FaceAlbum.app */,
				FD67D89E197DFCFB00D2CCDA /* FaceAlbumTests.xctest */,
			);
			name = Products;
			sourceTree = "<group>";
		};
		FD67D880197DFCFB00D2CCDA /* Frameworks */ = {
			isa = PBXGroup;
			children = (
				FD7327A6197FA082006C5A2C /* QuartzCore.framework */,
				FD732781197F5C03006C5A2C /* AssetsLibrary.framework */,
				FD7D2FA4197E9AB2004E8FFD /* CoreImage.framework */,
				FD67D881197DFCFB00D2CCDA /* Foundation.framework */,
				FD67D883197DFCFB00D2CCDA /* CoreGraphics.framework */,
				FD67D885197DFCFB00D2CCDA /* UIKit.framework */,
				FD67D887197DFCFB00D2CCDA /* CoreData.framework */,
				FD67D89F197DFCFB00D2CCDA /* XCTest.framework */,
			);
			name = Frameworks;
			sourceTree = "<group>";
		};
		FD67D889197DFCFB00D2CCDA /* FaceAlbum */ = {
			isa = PBXGroup;
			children = (
				FD67D892197DFCFB00D2CCDA /* SDEAppDelegate.h */,
				FD67D893197DFCFB00D2CCDA /* SDEAppDelegate.m */,
				FD67D8FB197E048400D2CCDA /* Store.h */,
				FD67D8FC197E048400D2CCDA /* Store.m */,
				FD4131281997050A00141578 /* ScanRoom */,
				FD4131291997052500141578 /* MontageRoom */,
				FD41312A1997053400141578 /* PersonGallery */,
				FD67D88A197DFCFB00D2CCDA /* Supporting Files */,
			);
			path = FaceAlbum;
			sourceTree = "<group>";
		};
		FD67D88A197DFCFB00D2CCDA /* Supporting Files */ = {
			isa = PBXGroup;
			children = (
				FD67D898197DFCFB00D2CCDA /* Images.xcassets */,
				FD67D88B197DFCFB00D2CCDA /* FaceAlbum-Info.plist */,
				FD67D88C197DFCFB00D2CCDA /* InfoPlist.strings */,
				FD67D88F197DFCFB00D2CCDA /* main.m */,
				FD67D891197DFCFB00D2CCDA /* FaceAlbum-Prefix.pch */,
			);
			name = "Supporting Files";
			sourceTree = "<group>";
		};
		FD67D8A6197DFCFB00D2CCDA /* FaceAlbumTests */ = {
			isa = PBXGroup;
			children = (
				FD67D8AC197DFCFB00D2CCDA /* FaceAlbumTests.m */,
				FD67D8A7197DFCFB00D2CCDA /* Supporting Files */,
			);
			path = FaceAlbumTests;
			sourceTree = "<group>";
		};
		FD67D8A7197DFCFB00D2CCDA /* Supporting Files */ = {
			isa = PBXGroup;
			children = (
				FD67D8A8197DFCFB00D2CCDA /* FaceAlbumTests-Info.plist */,
				FD67D8A9197DFCFB00D2CCDA /* InfoPlist.strings */,
			);
			name = "Supporting Files";
			sourceTree = "<group>";
		};
		FD67D8B6197DFD4A00D2CCDA /* FaceppSDK */ = {
			isa = PBXGroup;
			children = (
				FD67D8B7197DFD4A00D2CCDA /* FaceppAPI.h */,
				FD67D8B8197DFD4A00D2CCDA /* FaceppAPI.m */,
				FD67D8B9197DFD4A00D2CCDA /* FaceppAPISource */,
				FD67D8CC197DFD4A00D2CCDA /* FaceppResult */,
			);
			path = FaceppSDK;
			sourceTree = "<group>";
		};
		FD67D8B9197DFD4A00D2CCDA /* FaceppAPISource */ = {
			isa = PBXGroup;
			children = (
				FD67D8BA197DFD4A00D2CCDA /* FaceppClient.h */,
				FD67D8BB197DFD4A00D2CCDA /* FaceppClient.m */,
				FD67D8BC197DFD4A00D2CCDA /* FaceppDetection.h */,
				FD67D8BD197DFD4A00D2CCDA /* FaceppDetection.m */,
				FD67D8BE197DFD4A00D2CCDA /* FaceppFaceset.h */,
				FD67D8BF197DFD4A00D2CCDA /* FaceppFaceset.m */,
				FD67D8C0197DFD4A00D2CCDA /* FaceppGroup.h */,
				FD67D8C1197DFD4A00D2CCDA /* FaceppGroup.m */,
				FD67D8C2197DFD4A00D2CCDA /* FaceppGrouping.h */,
				FD67D8C3197DFD4A00D2CCDA /* FaceppGrouping.m */,
				FD67D8C4197DFD4A00D2CCDA /* FaceppInfo.h */,
				FD67D8C5197DFD4A00D2CCDA /* FaceppInfo.m */,
				FD67D8C6197DFD4A00D2CCDA /* FaceppPerson.h */,
				FD67D8C7197DFD4A00D2CCDA /* FaceppPerson.m */,
				FD67D8C8197DFD4A00D2CCDA /* FaceppRecognition.h */,
				FD67D8C9197DFD4A00D2CCDA /* FaceppRecognition.m */,
				FD67D8CA197DFD4A00D2CCDA /* FaceppTrainer.h */,
				FD67D8CB197DFD4A00D2CCDA /* FaceppTrainer.m */,
			);
			path = FaceppAPISource;
			sourceTree = "<group>";
		};
		FD67D8CC197DFD4A00D2CCDA /* FaceppResult */ = {
			isa = PBXGroup;
			children = (
				FD67D8CD197DFD4A00D2CCDA /* FaceppError.h */,
				FD67D8CE197DFD4A00D2CCDA /* FaceppError.m */,
				FD67D8CF197DFD4A00D2CCDA /* FaceppResult.h */,
				FD67D8D0197DFD4A00D2CCDA /* FaceppResult.m */,
			);
			path = FaceppResult;
			sourceTree = "<group>";
		};
		FD67D8DD197DFD6100D2CCDA /* FaceppLocalDetector */ = {
			isa = PBXGroup;
			children = (
				FD67D8DE197DFD6100D2CCDA /* APIKey+APISecret.h */,
				FD67D8DF197DFD6100D2CCDA /* FaceppDetection+LocalResultUploader.h */,
				FD67D8E0197DFD6100D2CCDA /* FaceppDetection+LocalResultUploader.m */,
				FD67D8E1197DFD6100D2CCDA /* FaceppLocalDetector.h */,
				FD67D8E2197DFD6100D2CCDA /* libFaceppLocalDetector.a */,
			);
			path = FaceppLocalDetector;
			sourceTree = "<group>";
		};
		FD67D8F6197DFD8900D2CCDA /* ThirdPackage */ = {
			isa = PBXGroup;
			children = (
				FD1164E219A87B7A00C1A41F /* LineLayout */,
				FD67D8B6197DFD4A00D2CCDA /* FaceppSDK */,
				FD67D8DD197DFD6100D2CCDA /* FaceppLocalDetector */,
				FD67D8F7197E03EE00D2CCDA /* LXReorderableCollectionViewFlowLayout */,
			);
			name = ThirdPackage;
			sourceTree = "<group>";
		};
		FD67D8F7197E03EE00D2CCDA /* LXReorderableCollectionViewFlowLayout */ = {
			isa = PBXGroup;
			children = (
				FD67D8F8197E03EE00D2CCDA /* SDEReorderableCollectionViewFlowLayout.h */,
				FD67D8F9197E03EE00D2CCDA /* SDEReorderableCollectionViewFlowLayout.m */,
			);
			path = LXReorderableCollectionViewFlowLayout;
			sourceTree = "<group>";
		};
		FD7D2F97197E8C90004E8FFD /* ManagedObjectSubclass */ = {
			isa = PBXGroup;
			children = (
				FD67D895197DFCFB00D2CCDA /* FaceAlbum.xcdatamodeld */,
				FD7D2FA1197E97C7004E8FFD /* Photo.h */,
				FD7D2FA2197E97C7004E8FFD /* Photo.m */,
				FD7D2F9E197E97C7004E8FFD /* Person.h */,
				FD7D2F9F197E97C7004E8FFD /* Person.m */,
				FD7D2F9B197E97C7004E8FFD /* Face.h */,
				FD7D2F9C197E97C7004E8FFD /* Face.m */,
				FD7D2F98197E97C7004E8FFD /* AlbumGroup.h */,
				FD7D2F99197E97C7004E8FFD /* AlbumGroup.m */,
			);
			name = ManagedObjectSubclass;
			path = FaceAlbumTests;
			sourceTree = "<group>";
		};
		FD9590411985FA76001C2345 /* Source */ = {
			isa = PBXGroup;
			children = (
				FD3802B51981040100AE51DF /* Main_iPad.storyboard */,
				FD95903F1985FA4C001C2345 /* avator@weibo.jpg */,
				FDE09ABB1981025E00CDB283 /* Smartisan.png */,
			);
			name = Source;
			path = FaceAlbum;
			sourceTree = "<group>";
		};
/* End PBXGroup section */

/* Begin PBXNativeTarget section */
		FD67D87D197DFCFB00D2CCDA /* FaceAlbum */ = {
			isa = PBXNativeTarget;
			buildConfigurationList = FD67D8B0197DFCFB00D2CCDA /* Build configuration list for PBXNativeTarget "FaceAlbum" */;
			buildPhases = (
				FD67D87A197DFCFB00D2CCDA /* Sources */,
				FD67D87B197DFCFB00D2CCDA /* Frameworks */,
				FD67D87C197DFCFB00D2CCDA /* Resources */,
			);
			buildRules = (
			);
			dependencies = (
			);
			name = FaceAlbum;
			productName = FaceAlbum;
			productReference = FD67D87E197DFCFB00D2CCDA /* FaceAlbum.app */;
			productType = "com.apple.product-type.application";
		};
		FD67D89D197DFCFB00D2CCDA /* FaceAlbumTests */ = {
			isa = PBXNativeTarget;
			buildConfigurationList = FD67D8B3197DFCFB00D2CCDA /* Build configuration list for PBXNativeTarget "FaceAlbumTests" */;
			buildPhases = (
				FD67D89A197DFCFB00D2CCDA /* Sources */,
				FD67D89B197DFCFB00D2CCDA /* Frameworks */,
				FD67D89C197DFCFB00D2CCDA /* Resources */,
			);
			buildRules = (
			);
			dependencies = (
				FD67D8A5197DFCFB00D2CCDA /* PBXTargetDependency */,
			);
			name = FaceAlbumTests;
			productName = FaceAlbumTests;
			productReference = FD67D89E197DFCFB00D2CCDA /* FaceAlbumTests.xctest */;
			productType = "com.apple.product-type.bundle.unit-test";
		};
/* End PBXNativeTarget section */

/* Begin PBXProject section */
		FD67D876197DFCFB00D2CCDA /* Project object */ = {
			isa = PBXProject;
			attributes = {
				CLASSPREFIX = SD;
				LastUpgradeCheck = 0510;
				ORGANIZATIONNAME = seedante;
				TargetAttributes = {
					FD67D87D197DFCFB00D2CCDA = {
						DevelopmentTeam = 6Z8XUV9H6J;
					};
					FD67D89D197DFCFB00D2CCDA = {
						TestTargetID = FD67D87D197DFCFB00D2CCDA;
					};
				};
			};
			buildConfigurationList = FD67D879197DFCFB00D2CCDA /* Build configuration list for PBXProject "FaceAlbum" */;
			compatibilityVersion = "Xcode 3.2";
			developmentRegion = English;
			hasScannedForEncodings = 0;
			knownRegions = (
				en,
			);
			mainGroup = FD67D875197DFCFB00D2CCDA;
			productRefGroup = FD67D87F197DFCFB00D2CCDA /* Products */;
			projectDirPath = "";
			projectRoot = "";
			targets = (
				FD67D87D197DFCFB00D2CCDA /* FaceAlbum */,
				FD67D89D197DFCFB00D2CCDA /* FaceAlbumTests */,
			);
		};
/* End PBXProject section */

/* Begin PBXResourcesBuildPhase section */
		FD67D87C197DFCFB00D2CCDA /* Resources */ = {
			isa = PBXResourcesBuildPhase;
			buildActionMask = 2147483647;
			files = (
				FD67D88E197DFCFB00D2CCDA /* InfoPlist.strings in Resources */,
				FD3802B61981040100AE51DF /* Main_iPad.storyboard in Resources */,
				FD67D899197DFCFB00D2CCDA /* Images.xcassets in Resources */,
				FD9590401985FA4C001C2345 /* avator@weibo.jpg in Resources */,
				FDE09ABC1981025E00CDB283 /* Smartisan.png in Resources */,
				FD413140199764BB00141578 /* backupCode in Resources */,
			);
			runOnlyForDeploymentPostprocessing = 0;
		};
		FD67D89C197DFCFB00D2CCDA /* Resources */ = {
			isa = PBXResourcesBuildPhase;
			buildActionMask = 2147483647;
			files = (
				FD67D8AB197DFCFB00D2CCDA /* InfoPlist.strings in Resources */,
			);
			runOnlyForDeploymentPostprocessing = 0;
		};
/* End PBXResourcesBuildPhase section */

/* Begin PBXSourcesBuildPhase section */
		FD67D87A197DFCFB00D2CCDA /* Sources */ = {
			isa = PBXSourcesBuildPhase;
			buildActionMask = 2147483647;
			files = (
				FD67D8D3197DFD4A00D2CCDA /* FaceppDetection.m in Sources */,
				FD7327AD197FDD60006C5A2C /* SDEMRVCDataSource.m in Sources */,
				FD67D8DA197DFD4A00D2CCDA /* FaceppTrainer.m in Sources */,
				FD67D8DC197DFD4A00D2CCDA /* FaceppResult.m in Sources */,
				FD4131341997486B00141578 /* SDEScanRoomViewController.m in Sources */,
				FD67D8D8197DFD4A00D2CCDA /* FaceppPerson.m in Sources */,
				FD7D2F9D197E97C7004E8FFD /* Face.m in Sources */,
				FD67D890197DFCFB00D2CCDA /* main.m in Sources */,
				FD7D2F9A197E97C7004E8FFD /* AlbumGroup.m in Sources */,
				FD67D8FA197E03EE00D2CCDA /* SDEReorderableCollectionViewFlowLayout.m in Sources */,
				FD67D8D7197DFD4A00D2CCDA /* FaceppInfo.m in Sources */,
				FD67D8DB197DFD4A00D2CCDA /* FaceppError.m in Sources */,
				FD67D8D4197DFD4A00D2CCDA /* FaceppFaceset.m in Sources */,
				FD67D894197DFCFB00D2CCDA /* SDEAppDelegate.m in Sources */,
				FD1164E819A8808500C1A41F /* SDECandidateCell.m in Sources */,
				FD4131351997486B00141578 /* SDEFaceVCDataSource.m in Sources */,
				FD4131371997486B00141578 /* PhotoCell.m in Sources */,
				FD7D2FA3197E97C7004E8FFD /* Photo.m in Sources */,
				FD9590481987CD5B001C2345 /* SDEPersonGalleryViewController.m in Sources */,
				FD67D8D5197DFD4A00D2CCDA /* FaceppGroup.m in Sources */,
				FD67D8D2197DFD4A00D2CCDA /* FaceppClient.m in Sources */,
				FD67D8D6197DFD4A00D2CCDA /* FaceppGrouping.m in Sources */,
				FD67D897197DFCFB00D2CCDA /* FaceAlbum.xcdatamodeld in Sources */,
				FD41313A19974A5E00141578 /* PhotoScanManager.mm in Sources */,
				FD4131361997486B00141578 /* FaceCell.m in Sources */,
				FD67D8D9197DFD4A00D2CCDA /* FaceppRecognition.m in Sources */,
				FDE09AB91980A96400CDB283 /* AvatorCell.m in Sources */,
				FD1164E119A87B7300C1A41F /* LineLayout.m in Sources */,
				FD67D8FD197E048400D2CCDA /* Store.m in Sources */,
				FD67D8D1197DFD4A00D2CCDA /* FaceppAPI.m in Sources */,
				FD41313E1997541300141578 /* SDEPAVCDataSource.m in Sources */,
				FD7D2F95197E7B55004E8FFD /* SDEMontageRoomViewController.m in Sources */,
				FD7D2FA0197E97C7004E8FFD /* Person.m in Sources */,
				FD67D8E3197DFD6100D2CCDA /* FaceppDetection+LocalResultUploader.m in Sources */,
			);
			runOnlyForDeploymentPostprocessing = 0;
		};
		FD67D89A197DFCFB00D2CCDA /* Sources */ = {
			isa = PBXSourcesBuildPhase;
			buildActionMask = 2147483647;
			files = (
				FD67D8AD197DFCFB00D2CCDA /* FaceAlbumTests.m in Sources */,
			);
			runOnlyForDeploymentPostprocessing = 0;
		};
/* End PBXSourcesBuildPhase section */

/* Begin PBXTargetDependency section */
		FD67D8A5197DFCFB00D2CCDA /* PBXTargetDependency */ = {
			isa = PBXTargetDependency;
			target = FD67D87D197DFCFB00D2CCDA /* FaceAlbum */;
			targetProxy = FD67D8A4197DFCFB00D2CCDA /* PBXContainerItemProxy */;
		};
/* End PBXTargetDependency section */

/* Begin PBXVariantGroup section */
		FD67D88C197DFCFB00D2CCDA /* InfoPlist.strings */ = {
			isa = PBXVariantGroup;
			children = (
				FD67D88D197DFCFB00D2CCDA /* en */,
			);
			name = InfoPlist.strings;
			sourceTree = "<group>";
		};
		FD67D8A9197DFCFB00D2CCDA /* InfoPlist.strings */ = {
			isa = PBXVariantGroup;
			children = (
				FD67D8AA197DFCFB00D2CCDA /* en */,
			);
			name = InfoPlist.strings;
			sourceTree = "<group>";
		};
/* End PBXVariantGroup section */

/* Begin XCBuildConfiguration section */
		FD67D8AE197DFCFB00D2CCDA /* Debug */ = {
			isa = XCBuildConfiguration;
			buildSettings = {
				ALWAYS_SEARCH_USER_PATHS = NO;
				CLANG_CXX_LANGUAGE_STANDARD = "gnu++0x";
				CLANG_CXX_LIBRARY = "libc++";
				CLANG_ENABLE_MODULES = YES;
				CLANG_ENABLE_OBJC_ARC = YES;
				CLANG_WARN_BOOL_CONVERSION = YES;
				CLANG_WARN_CONSTANT_CONVERSION = YES;
				CLANG_WARN_DIRECT_OBJC_ISA_USAGE = YES_ERROR;
				CLANG_WARN_EMPTY_BODY = YES;
				CLANG_WARN_ENUM_CONVERSION = YES;
				CLANG_WARN_INT_CONVERSION = YES;
				CLANG_WARN_OBJC_ROOT_CLASS = YES_ERROR;
				CLANG_WARN__DUPLICATE_METHOD_MATCH = YES;
				"CODE_SIGN_IDENTITY[sdk=iphoneos*]" = "iPhone Developer";
				COPY_PHASE_STRIP = NO;
				GCC_C_LANGUAGE_STANDARD = gnu99;
				GCC_DYNAMIC_NO_PIC = NO;
				GCC_OPTIMIZATION_LEVEL = 0;
				GCC_PREPROCESSOR_DEFINITIONS = (
					"DEBUG=1",
					"$(inherited)",
				);
				GCC_SYMBOLS_PRIVATE_EXTERN = NO;
				GCC_WARN_64_TO_32_BIT_CONVERSION = YES;
				GCC_WARN_ABOUT_RETURN_TYPE = YES_ERROR;
				GCC_WARN_UNDECLARED_SELECTOR = YES;
				GCC_WARN_UNINITIALIZED_AUTOS = YES_AGGRESSIVE;
				GCC_WARN_UNUSED_FUNCTION = YES;
				GCC_WARN_UNUSED_VARIABLE = YES;
				IPHONEOS_DEPLOYMENT_TARGET = 7.1;
				ONLY_ACTIVE_ARCH = YES;
				SDKROOT = iphoneos;
				TARGETED_DEVICE_FAMILY = 2;
				VALIDATE_PRODUCT = YES;
			};
			name = Debug;
		};
		FD67D8AF197DFCFB00D2CCDA /* Release */ = {
			isa = XCBuildConfiguration;
			buildSettings = {
				ALWAYS_SEARCH_USER_PATHS = NO;
				CLANG_CXX_LANGUAGE_STANDARD = "gnu++0x";
				CLANG_CXX_LIBRARY = "libc++";
				CLANG_ENABLE_MODULES = YES;
				CLANG_ENABLE_OBJC_ARC = YES;
				CLANG_WARN_BOOL_CONVERSION = YES;
				CLANG_WARN_CONSTANT_CONVERSION = YES;
				CLANG_WARN_DIRECT_OBJC_ISA_USAGE = YES_ERROR;
				CLANG_WARN_EMPTY_BODY = YES;
				CLANG_WARN_ENUM_CONVERSION = YES;
				CLANG_WARN_INT_CONVERSION = YES;
				CLANG_WARN_OBJC_ROOT_CLASS = YES_ERROR;
				CLANG_WARN__DUPLICATE_METHOD_MATCH = YES;
				"CODE_SIGN_IDENTITY[sdk=iphoneos*]" = "iPhone Developer";
				COPY_PHASE_STRIP = YES;
				ENABLE_NS_ASSERTIONS = NO;
				GCC_C_LANGUAGE_STANDARD = gnu99;
				GCC_WARN_64_TO_32_BIT_CONVERSION = YES;
				GCC_WARN_ABOUT_RETURN_TYPE = YES_ERROR;
				GCC_WARN_UNDECLARED_SELECTOR = YES;
				GCC_WARN_UNINITIALIZED_AUTOS = YES_AGGRESSIVE;
				GCC_WARN_UNUSED_FUNCTION = YES;
				GCC_WARN_UNUSED_VARIABLE = YES;
				IPHONEOS_DEPLOYMENT_TARGET = 7.1;
				SDKROOT = iphoneos;
				TARGETED_DEVICE_FAMILY = 2;
				VALIDATE_PRODUCT = YES;
			};
			name = Release;
		};
		FD67D8B1197DFCFB00D2CCDA /* Debug */ = {
			isa = XCBuildConfiguration;
			buildSettings = {
				ASSETCATALOG_COMPILER_APPICON_NAME = AppIcon;
				ASSETCATALOG_COMPILER_LAUNCHIMAGE_NAME = LaunchImage;
				CLANG_CXX_LANGUAGE_STANDARD = "c++98";
				CLANG_CXX_LIBRARY = "libstdc++";
				CLANG_ENABLE_MODULES = YES;
				CLANG_WARN_OBJC_MISSING_PROPERTY_SYNTHESIS = NO;
				CODE_SIGN_IDENTITY = "iPhone Developer";
				EXCLUDED_RECURSIVE_SEARCH_PATH_SUBDIRECTORIES = "*.nib *.lproj *.framework *.gch *.xcode* (*) .DS_Store CVS .svn .git .hg";
				GCC_C_LANGUAGE_STANDARD = "compiler-default";
				GCC_PRECOMPILE_PREFIX_HEADER = YES;
				GCC_PREFIX_HEADER = "FaceAlbum/FaceAlbum-Prefix.pch";
				GCC_WARN_UNKNOWN_PRAGMAS = NO;
				GCC_WARN_UNUSED_PARAMETER = NO;
				GCC_WARN_UNUSED_VARIABLE = YES;
				INFOPLIST_FILE = "FaceAlbum/FaceAlbum-Info.plist";
				IPHONEOS_DEPLOYMENT_TARGET = 7.1;
				LD_RUNPATH_SEARCH_PATHS = "$(inherited) @executable_path/Frameworks";
				LIBRARY_SEARCH_PATHS = (
					"$(inherited)",
					"$(PROJECT_DIR)/FaceppLocalDetector",
				);
				OTHER_CFLAGS = "-Wno-gnu";
				OTHER_CPLUSPLUSFLAGS = "$(OTHER_CFLAGS)";
				PRODUCT_NAME = "$(TARGET_NAME)";
				SWIFT_OPTIMIZATION_LEVEL = "-Onone";
				WARNING_CFLAGS = (
					"-Wshadow",
					"-Wfloat-equal",
				);
				WRAPPER_EXTENSION = app;
			};
			name = Debug;
		};
		FD67D8B2197DFCFB00D2CCDA /* Release */ = {
			isa = XCBuildConfiguration;
			buildSettings = {
				ASSETCATALOG_COMPILER_APPICON_NAME = AppIcon;
				ASSETCATALOG_COMPILER_LAUNCHIMAGE_NAME = LaunchImage;
				CLANG_CXX_LANGUAGE_STANDARD = "c++98";
				CLANG_CXX_LIBRARY = "libstdc++";
				CLANG_ENABLE_MODULES = YES;
				CLANG_WARN_OBJC_MISSING_PROPERTY_SYNTHESIS = NO;
				CODE_SIGN_IDENTITY = "iPhone Developer";
				EXCLUDED_RECURSIVE_SEARCH_PATH_SUBDIRECTORIES = "*.nib *.lproj *.framework *.gch *.xcode* (*) .DS_Store CVS .svn .git .hg";
				GCC_C_LANGUAGE_STANDARD = "compiler-default";
				GCC_PRECOMPILE_PREFIX_HEADER = YES;
				GCC_PREFIX_HEADER = "FaceAlbum/FaceAlbum-Prefix.pch";
				GCC_WARN_UNUSED_PARAMETER = NO;
				GCC_WARN_UNUSED_VARIABLE = YES;
				INFOPLIST_FILE = "FaceAlbum/FaceAlbum-Info.plist";
				IPHONEOS_DEPLOYMENT_TARGET = 7.1;
				LD_RUNPATH_SEARCH_PATHS = "$(inherited) @executable_path/Frameworks";
				LIBRARY_SEARCH_PATHS = (
					"$(inherited)",
					"$(PROJECT_DIR)/FaceppLocalDetector",
				);
				OTHER_CFLAGS = "-Wno-gnu";
				OTHER_CPLUSPLUSFLAGS = "$(OTHER_CFLAGS)";
				PRODUCT_NAME = "$(TARGET_NAME)";
				WARNING_CFLAGS = (
					"-Wshadow",
					"-Wfloat-equal",
				);
				WRAPPER_EXTENSION = app;
			};
			name = Release;
		};
		FD67D8B4197DFCFB00D2CCDA /* Debug */ = {
			isa = XCBuildConfiguration;
			buildSettings = {
				BUNDLE_LOADER = "$(BUILT_PRODUCTS_DIR)/FaceAlbum.app/FaceAlbum";
				FRAMEWORK_SEARCH_PATHS = (
					"$(SDKROOT)/Developer/Library/Frameworks",
					"$(inherited)",
					"$(DEVELOPER_FRAMEWORKS_DIR)",
				);
				GCC_PRECOMPILE_PREFIX_HEADER = YES;
				GCC_PREFIX_HEADER = "FaceAlbum/FaceAlbum-Prefix.pch";
				GCC_PREPROCESSOR_DEFINITIONS = (
					"DEBUG=1",
					"$(inherited)",
				);
				INFOPLIST_FILE = "FaceAlbumTests/FaceAlbumTests-Info.plist";
				PRODUCT_NAME = "$(TARGET_NAME)";
				TEST_HOST = "$(BUNDLE_LOADER)";
				WRAPPER_EXTENSION = xctest;
			};
			name = Debug;
		};
		FD67D8B5197DFCFB00D2CCDA /* Release */ = {
			isa = XCBuildConfiguration;
			buildSettings = {
				BUNDLE_LOADER = "$(BUILT_PRODUCTS_DIR)/FaceAlbum.app/FaceAlbum";
				FRAMEWORK_SEARCH_PATHS = (
					"$(SDKROOT)/Developer/Library/Frameworks",
					"$(inherited)",
					"$(DEVELOPER_FRAMEWORKS_DIR)",
				);
				GCC_PRECOMPILE_PREFIX_HEADER = YES;
				GCC_PREFIX_HEADER = "FaceAlbum/FaceAlbum-Prefix.pch";
				INFOPLIST_FILE = "FaceAlbumTests/FaceAlbumTests-Info.plist";
				PRODUCT_NAME = "$(TARGET_NAME)";
				TEST_HOST = "$(BUNDLE_LOADER)";
				WRAPPER_EXTENSION = xctest;
			};
			name = Release;
		};
/* End XCBuildConfiguration section */

/* Begin XCConfigurationList section */
		FD67D879197DFCFB00D2CCDA /* Build configuration list for PBXProject "FaceAlbum" */ = {
			isa = XCConfigurationList;
			buildConfigurations = (
				FD67D8AE197DFCFB00D2CCDA /* Debug */,
				FD67D8AF197DFCFB00D2CCDA /* Release */,
			);
			defaultConfigurationIsVisible = 0;
			defaultConfigurationName = Release;
		};
		FD67D8B0197DFCFB00D2CCDA /* Build configuration list for PBXNativeTarget "FaceAlbum" */ = {
			isa = XCConfigurationList;
			buildConfigurations = (
				FD67D8B1197DFCFB00D2CCDA /* Debug */,
				FD67D8B2197DFCFB00D2CCDA /* Release */,
			);
			defaultConfigurationIsVisible = 0;
			defaultConfigurationName = Release;
		};
		FD67D8B3197DFCFB00D2CCDA /* Build configuration list for PBXNativeTarget "FaceAlbumTests" */ = {
			isa = XCConfigurationList;
			buildConfigurations = (
				FD67D8B4197DFCFB00D2CCDA /* Debug */,
				FD67D8B5197DFCFB00D2CCDA /* Release */,
			);
			defaultConfigurationIsVisible = 0;
			defaultConfigurationName = Release;
		};
/* End XCConfigurationList section */

/* Begin XCVersionGroup section */
		FD67D895197DFCFB00D2CCDA /* FaceAlbum.xcdatamodeld */ = {
			isa = XCVersionGroup;
			children = (
				FD41313B19974C7C00141578 /* FaceAlbum 3.xcdatamodel */,
				FD95903E198526F6001C2345 /* FaceAlbum 2.xcdatamodel */,
				FD67D896197DFCFB00D2CCDA /* FaceAlbum.xcdatamodel */,
			);
			currentVersion = FD67D896197DFCFB00D2CCDA /* FaceAlbum.xcdatamodel */;
			name = FaceAlbum.xcdatamodeld;
			path = ../FaceAlbum/FaceAlbum.xcdatamodeld;
			sourceTree = "<group>";
			versionGroupType = wrapper.xcdatamodel;
		};
/* End XCVersionGroup section */
	};
	rootObject = FD67D876197DFCFB00D2CCDA /* Project object */;
}
