// !$*UTF8*$!
{
	archiveVersion = 1;
	classes = {
	};
	objectVersion = 46;
	objects = {

/* Begin PBXBuildFile section */
		FD1164E819A8808500C1A41F /* SDECandidateCell.m in Sources */ = {isa = PBXBuildFile; fileRef = FD1164E719A8808500C1A41F /* SDECandidateCell.m */; };
		FD290B2819C5860E003A26DC /* SDEPersonProfileHeaderView.m in Sources */ = {isa = PBXBuildFile; fileRef = FD290B2719C5860E003A26DC /* SDEPersonProfileHeaderView.m */; };
		FD3802B61981040100AE51DF /* Main_iPad.storyboard in Resources */ = {isa = PBXBuildFile; fileRef = FD3802B51981040100AE51DF /* Main_iPad.storyboard */; };
		FD3A106219CDC3C9006A3B4E /* SDEAvatorCheckmarkView.m in Sources */ = {isa = PBXBuildFile; fileRef = FD3A106119CDC3C9006A3B4E /* SDEAvatorCheckmarkView.m */; };
		FD3A106519CDC44F006A3B4E /* SDEAvatorOverlayView.m in Sources */ = {isa = PBXBuildFile; fileRef = FD3A106419CDC44F006A3B4E /* SDEAvatorOverlayView.m */; };
		FD4131341997486B00141578 /* SDEScanRoomViewController.m in Sources */ = {isa = PBXBuildFile; fileRef = FD41312C1997486B00141578 /* SDEScanRoomViewController.m */; };
		FD4131351997486B00141578 /* SDEFaceVCDataSource.m in Sources */ = {isa = PBXBuildFile; fileRef = FD41312E1997486B00141578 /* SDEFaceVCDataSource.m */; };
		FD4131361997486B00141578 /* FaceCell.m in Sources */ = {isa = PBXBuildFile; fileRef = FD4131311997486B00141578 /* FaceCell.m */; };
		FD4131371997486B00141578 /* PhotoCell.m in Sources */ = {isa = PBXBuildFile; fileRef = FD4131331997486B00141578 /* PhotoCell.m */; };
		FD41313A19974A5E00141578 /* PhotoScanManager.mm in Sources */ = {isa = PBXBuildFile; fileRef = FD41313919974A5E00141578 /* PhotoScanManager.mm */; };
		FD67D882197DFCFB00D2CCDA /* Foundation.framework in Frameworks */ = {isa = PBXBuildFile; fileRef = FD67D881197DFCFB00D2CCDA /* Foundation.framework */; };
		FD67D884197DFCFB00D2CCDA /* CoreGraphics.framework in Frameworks */ = {isa = PBXBuildFile; fileRef = FD67D883197DFCFB00D2CCDA /* CoreGraphics.framework */; };
		FD67D886197DFCFB00D2CCDA /* UIKit.framework in Frameworks */ = {isa = PBXBuildFile; fileRef = FD67D885197DFCFB00D2CCDA /* UIKit.framework */; };
		FD67D888197DFCFB00D2CCDA /* CoreData.framework in Frameworks */ = {isa = PBXBuildFile; fileRef = FD67D887197DFCFB00D2CCDA /* CoreData.framework */; };
		FD67D88E197DFCFB00D2CCDA /* InfoPlist.strings in Resources */ = {isa = PBXBuildFile; fileRef = FD67D88C197DFCFB00D2CCDA /* InfoPlist.strings */; };
		FD67D890197DFCFB00D2CCDA /* main.m in Sources */ = {isa = PBXBuildFile; fileRef = FD67D88F197DFCFB00D2CCDA /* main.m */; };
		FD67D894197DFCFB00D2CCDA /* SDEAppDelegate.m in Sources */ = {isa = PBXBuildFile; fileRef = FD67D893197DFCFB00D2CCDA /* SDEAppDelegate.m */; };
		FD67D899197DFCFB00D2CCDA /* Images.xcassets in Resources */ = {isa = PBXBuildFile; fileRef = FD67D898197DFCFB00D2CCDA /* Images.xcassets */; };
		FD67D8A0197DFCFB00D2CCDA /* XCTest.framework in Frameworks */ = {isa = PBXBuildFile; fileRef = FD67D89F197DFCFB00D2CCDA /* XCTest.framework */; };
		FD67D8A1197DFCFB00D2CCDA /* Foundation.framework in Frameworks */ = {isa = PBXBuildFile; fileRef = FD67D881197DFCFB00D2CCDA /* Foundation.framework */; };
		FD67D8A2197DFCFB00D2CCDA /* UIKit.framework in Frameworks */ = {isa = PBXBuildFile; fileRef = FD67D885197DFCFB00D2CCDA /* UIKit.framework */; };
		FD67D8A3197DFCFB00D2CCDA /* CoreData.framework in Frameworks */ = {isa = PBXBuildFile; fileRef = FD67D887197DFCFB00D2CCDA /* CoreData.framework */; };
		FD67D8AB197DFCFB00D2CCDA /* InfoPlist.strings in Resources */ = {isa = PBXBuildFile; fileRef = FD67D8A9197DFCFB00D2CCDA /* InfoPlist.strings */; };
		FD67D8AD197DFCFB00D2CCDA /* FaceAlbumTests.m in Sources */ = {isa = PBXBuildFile; fileRef = FD67D8AC197DFCFB00D2CCDA /* FaceAlbumTests.m */; };
		FD67D8E3197DFD6100D2CCDA /* FaceppDetection+LocalResultUploader.m in Sources */ = {isa = PBXBuildFile; fileRef = FD67D8E0197DFD6100D2CCDA /* FaceppDetection+LocalResultUploader.m */; };
		FD67D8E4197DFD6100D2CCDA /* libFaceppLocalDetector.a in Frameworks */ = {isa = PBXBuildFile; fileRef = FD67D8E2197DFD6100D2CCDA /* libFaceppLocalDetector.a */; };
		FD67D8FD197E048400D2CCDA /* Store.m in Sources */ = {isa = PBXBuildFile; fileRef = FD67D8FC197E048400D2CCDA /* Store.m */; };
		FD732782197F5C03006C5A2C /* AssetsLibrary.framework in Frameworks */ = {isa = PBXBuildFile; fileRef = FD732781197F5C03006C5A2C /* AssetsLibrary.framework */; };
		FD7327A7197FA082006C5A2C /* QuartzCore.framework in Frameworks */ = {isa = PBXBuildFile; fileRef = FD7327A6197FA082006C5A2C /* QuartzCore.framework */; };
		FD7327AD197FDD60006C5A2C /* SDEMRVCDataSource.m in Sources */ = {isa = PBXBuildFile; fileRef = FD7327AC197FDD60006C5A2C /* SDEMRVCDataSource.m */; };
		FD7D2F95197E7B55004E8FFD /* SDEMontageRoomViewController.m in Sources */ = {isa = PBXBuildFile; fileRef = FD7D2F94197E7B55004E8FFD /* SDEMontageRoomViewController.m */; };
		FD7D2F9A197E97C7004E8FFD /* AlbumGroup.m in Sources */ = {isa = PBXBuildFile; fileRef = FD7D2F99197E97C7004E8FFD /* AlbumGroup.m */; };
		FD7D2F9D197E97C7004E8FFD /* Face.m in Sources */ = {isa = PBXBuildFile; fileRef = FD7D2F9C197E97C7004E8FFD /* Face.m */; };
		FD7D2FA0197E97C7004E8FFD /* Person.m in Sources */ = {isa = PBXBuildFile; fileRef = FD7D2F9F197E97C7004E8FFD /* Person.m */; };
		FD7D2FA3197E97C7004E8FFD /* Photo.m in Sources */ = {isa = PBXBuildFile; fileRef = FD7D2FA2197E97C7004E8FFD /* Photo.m */; };
		FD7D2FA5197E9AB2004E8FFD /* CoreImage.framework in Frameworks */ = {isa = PBXBuildFile; fileRef = FD7D2FA4197E9AB2004E8FFD /* CoreImage.framework */; };
		FD7D430A1A19F9FF00551093 /* SDEPhotoViewController.m in Sources */ = {isa = PBXBuildFile; fileRef = FD7D43091A19F9FF00551093 /* SDEPhotoViewController.m */; };
		FD7D430B1A19F9FF00551093 /* SDEPhotoViewController.m in Sources */ = {isa = PBXBuildFile; fileRef = FD7D43091A19F9FF00551093 /* SDEPhotoViewController.m */; };
		FD7D430F1A19FB4500551093 /* face.png in Resources */ = {isa = PBXBuildFile; fileRef = FD7D430D1A19FB4500551093 /* face.png */; };
		FD7D43101A19FB4500551093 /* face.png in Resources */ = {isa = PBXBuildFile; fileRef = FD7D430D1A19FB4500551093 /* face.png */; };
		FD7D43111A19FB4500551093 /* face@2x.png in Resources */ = {isa = PBXBuildFile; fileRef = FD7D430E1A19FB4500551093 /* face@2x.png */; };
		FD7D43121A19FB4500551093 /* face@2x.png in Resources */ = {isa = PBXBuildFile; fileRef = FD7D430E1A19FB4500551093 /* face@2x.png */; };
		FD7D43151A1A04BF00551093 /* drawer.png in Resources */ = {isa = PBXBuildFile; fileRef = FD7D43131A1A04BF00551093 /* drawer.png */; };
		FD7D43161A1A04BF00551093 /* drawer.png in Resources */ = {isa = PBXBuildFile; fileRef = FD7D43131A1A04BF00551093 /* drawer.png */; };
		FD7D43171A1A04BF00551093 /* drawer@2x.png in Resources */ = {isa = PBXBuildFile; fileRef = FD7D43141A1A04BF00551093 /* drawer@2x.png */; };
		FD7D43181A1A04BF00551093 /* drawer@2x.png in Resources */ = {isa = PBXBuildFile; fileRef = FD7D43141A1A04BF00551093 /* drawer@2x.png */; };
		FD7D431B1A1A089C00551093 /* SDESpecialItemVC.m in Sources */ = {isa = PBXBuildFile; fileRef = FD7D431A1A1A089C00551093 /* SDESpecialItemVC.m */; };
		FD7D431C1A1A089C00551093 /* SDESpecialItemVC.m in Sources */ = {isa = PBXBuildFile; fileRef = FD7D431A1A1A089C00551093 /* SDESpecialItemVC.m */; };
		FD7D431F1A1A40F900551093 /* Album.png in Resources */ = {isa = PBXBuildFile; fileRef = FD7D431D1A1A40F900551093 /* Album.png */; };
		FD7D43201A1A40F900551093 /* Album.png in Resources */ = {isa = PBXBuildFile; fileRef = FD7D431D1A1A40F900551093 /* Album.png */; };
		FD7D43211A1A40F900551093 /* Album@2x.png in Resources */ = {isa = PBXBuildFile; fileRef = FD7D431E1A1A40F900551093 /* Album@2x.png */; };
		FD7D43221A1A40F900551093 /* Album@2x.png in Resources */ = {isa = PBXBuildFile; fileRef = FD7D431E1A1A40F900551093 /* Album@2x.png */; };
		FD7D43251A1A432D00551093 /* changeStyle.png in Resources */ = {isa = PBXBuildFile; fileRef = FD7D43231A1A432D00551093 /* changeStyle.png */; };
		FD7D43261A1A432D00551093 /* changeStyle.png in Resources */ = {isa = PBXBuildFile; fileRef = FD7D43231A1A432D00551093 /* changeStyle.png */; };
		FD7D43271A1A432D00551093 /* changeStyle@2x.png in Resources */ = {isa = PBXBuildFile; fileRef = FD7D43241A1A432D00551093 /* changeStyle@2x.png */; };
		FD7D43281A1A432D00551093 /* changeStyle@2x.png in Resources */ = {isa = PBXBuildFile; fileRef = FD7D43241A1A432D00551093 /* changeStyle@2x.png */; };
		FD7D432A1A1B017100551093 /* AccessDenied.png in Resources */ = {isa = PBXBuildFile; fileRef = FD7D43291A1B017100551093 /* AccessDenied.png */; };
		FD7D432B1A1B017100551093 /* AccessDenied.png in Resources */ = {isa = PBXBuildFile; fileRef = FD7D43291A1B017100551093 /* AccessDenied.png */; };
		FD7D433B1A1DA4A300551093 /* SDEPhotoSceneDataSource.m in Sources */ = {isa = PBXBuildFile; fileRef = FD7D433A1A1DA4A300551093 /* SDEPhotoSceneDataSource.m */; };
		FD7D433C1A1DA4A300551093 /* SDEPhotoSceneDataSource.m in Sources */ = {isa = PBXBuildFile; fileRef = FD7D433A1A1DA4A300551093 /* SDEPhotoSceneDataSource.m */; };
		FD7D436D1A1EDB5200551093 /* FaceppAPI.m in Sources */ = {isa = PBXBuildFile; fileRef = FD7D43541A1EDB5200551093 /* FaceppAPI.m */; };
		FD7D436E1A1EDB5200551093 /* FaceppAPI.m in Sources */ = {isa = PBXBuildFile; fileRef = FD7D43541A1EDB5200551093 /* FaceppAPI.m */; };
		FD7D436F1A1EDB5200551093 /* FaceppClient.m in Sources */ = {isa = PBXBuildFile; fileRef = FD7D43571A1EDB5200551093 /* FaceppClient.m */; };
		FD7D43701A1EDB5200551093 /* FaceppClient.m in Sources */ = {isa = PBXBuildFile; fileRef = FD7D43571A1EDB5200551093 /* FaceppClient.m */; };
		FD7D43711A1EDB5200551093 /* FaceppDetection.m in Sources */ = {isa = PBXBuildFile; fileRef = FD7D43591A1EDB5200551093 /* FaceppDetection.m */; };
		FD7D43721A1EDB5200551093 /* FaceppDetection.m in Sources */ = {isa = PBXBuildFile; fileRef = FD7D43591A1EDB5200551093 /* FaceppDetection.m */; };
		FD7D43731A1EDB5200551093 /* FaceppFaceset.m in Sources */ = {isa = PBXBuildFile; fileRef = FD7D435B1A1EDB5200551093 /* FaceppFaceset.m */; };
		FD7D43741A1EDB5200551093 /* FaceppFaceset.m in Sources */ = {isa = PBXBuildFile; fileRef = FD7D435B1A1EDB5200551093 /* FaceppFaceset.m */; };
		FD7D43751A1EDB5200551093 /* FaceppGroup.m in Sources */ = {isa = PBXBuildFile; fileRef = FD7D435D1A1EDB5200551093 /* FaceppGroup.m */; };
		FD7D43761A1EDB5200551093 /* FaceppGroup.m in Sources */ = {isa = PBXBuildFile; fileRef = FD7D435D1A1EDB5200551093 /* FaceppGroup.m */; };
		FD7D43771A1EDB5200551093 /* FaceppGrouping.m in Sources */ = {isa = PBXBuildFile; fileRef = FD7D435F1A1EDB5200551093 /* FaceppGrouping.m */; };
		FD7D43781A1EDB5200551093 /* FaceppGrouping.m in Sources */ = {isa = PBXBuildFile; fileRef = FD7D435F1A1EDB5200551093 /* FaceppGrouping.m */; };
		FD7D43791A1EDB5200551093 /* FaceppInfo.m in Sources */ = {isa = PBXBuildFile; fileRef = FD7D43611A1EDB5200551093 /* FaceppInfo.m */; };
		FD7D437A1A1EDB5200551093 /* FaceppInfo.m in Sources */ = {isa = PBXBuildFile; fileRef = FD7D43611A1EDB5200551093 /* FaceppInfo.m */; };
		FD7D437B1A1EDB5200551093 /* FaceppPerson.m in Sources */ = {isa = PBXBuildFile; fileRef = FD7D43631A1EDB5200551093 /* FaceppPerson.m */; };
		FD7D437C1A1EDB5200551093 /* FaceppPerson.m in Sources */ = {isa = PBXBuildFile; fileRef = FD7D43631A1EDB5200551093 /* FaceppPerson.m */; };
		FD7D437D1A1EDB5200551093 /* FaceppRecognition.m in Sources */ = {isa = PBXBuildFile; fileRef = FD7D43651A1EDB5200551093 /* FaceppRecognition.m */; };
		FD7D437E1A1EDB5200551093 /* FaceppRecognition.m in Sources */ = {isa = PBXBuildFile; fileRef = FD7D43651A1EDB5200551093 /* FaceppRecognition.m */; };
		FD7D437F1A1EDB5200551093 /* FaceppTrainer.m in Sources */ = {isa = PBXBuildFile; fileRef = FD7D43671A1EDB5200551093 /* FaceppTrainer.m */; };
		FD7D43801A1EDB5200551093 /* FaceppTrainer.m in Sources */ = {isa = PBXBuildFile; fileRef = FD7D43671A1EDB5200551093 /* FaceppTrainer.m */; };
		FD7D43811A1EDB5200551093 /* FaceppError.m in Sources */ = {isa = PBXBuildFile; fileRef = FD7D436A1A1EDB5200551093 /* FaceppError.m */; };
		FD7D43821A1EDB5200551093 /* FaceppError.m in Sources */ = {isa = PBXBuildFile; fileRef = FD7D436A1A1EDB5200551093 /* FaceppError.m */; };
		FD7D43831A1EDB5200551093 /* FaceppResult.m in Sources */ = {isa = PBXBuildFile; fileRef = FD7D436C1A1EDB5200551093 /* FaceppResult.m */; };
		FD7D43841A1EDB5200551093 /* FaceppResult.m in Sources */ = {isa = PBXBuildFile; fileRef = FD7D436C1A1EDB5200551093 /* FaceppResult.m */; };
		FD7D438D1A1F6DDF00551093 /* SDEFaceRoomViewController.m in Sources */ = {isa = PBXBuildFile; fileRef = FD7D438C1A1F6DDF00551093 /* SDEFaceRoomViewController.m */; };
		FD7D438E1A1F6DDF00551093 /* SDEFaceRoomViewController.m in Sources */ = {isa = PBXBuildFile; fileRef = FD7D438C1A1F6DDF00551093 /* SDEFaceRoomViewController.m */; };
		FD7D43921A1F6E3A00551093 /* HorizontalCollectionViewLayout.m in Sources */ = {isa = PBXBuildFile; fileRef = FD7D43911A1F6E3A00551093 /* HorizontalCollectionViewLayout.m */; };
		FD7D43931A1F6E3A00551093 /* HorizontalCollectionViewLayout.m in Sources */ = {isa = PBXBuildFile; fileRef = FD7D43911A1F6E3A00551093 /* HorizontalCollectionViewLayout.m */; };
		FD7D43961A20D5D200551093 /* LineLayout.m in Sources */ = {isa = PBXBuildFile; fileRef = FD7D43951A20D5D200551093 /* LineLayout.m */; };
		FD7D43971A20D5D200551093 /* LineLayout.m in Sources */ = {isa = PBXBuildFile; fileRef = FD7D43951A20D5D200551093 /* LineLayout.m */; };
		FD7E22371A076B9E00463C67 /* addPerson.png in Resources */ = {isa = PBXBuildFile; fileRef = FD7E222C1A076B9E00463C67 /* addPerson.png */; };
		FD7E22381A076B9E00463C67 /* addPerson.png in Resources */ = {isa = PBXBuildFile; fileRef = FD7E222C1A076B9E00463C67 /* addPerson.png */; };
		FD7E22391A076B9E00463C67 /* avator.png in Resources */ = {isa = PBXBuildFile; fileRef = FD7E222D1A076B9E00463C67 /* avator.png */; };
		FD7E223A1A076B9E00463C67 /* avator.png in Resources */ = {isa = PBXBuildFile; fileRef = FD7E222D1A076B9E00463C67 /* avator.png */; };
		FD7E223B1A076B9E00463C67 /* avator@2x.png in Resources */ = {isa = PBXBuildFile; fileRef = FD7E222E1A076B9E00463C67 /* avator@2x.png */; };
		FD7E223C1A076B9E00463C67 /* avator@2x.png in Resources */ = {isa = PBXBuildFile; fileRef = FD7E222E1A076B9E00463C67 /* avator@2x.png */; };
		FD7E223D1A076B9E00463C67 /* centerButton.png in Resources */ = {isa = PBXBuildFile; fileRef = FD7E222F1A076B9E00463C67 /* centerButton.png */; };
		FD7E223E1A076B9E00463C67 /* centerButton.png in Resources */ = {isa = PBXBuildFile; fileRef = FD7E222F1A076B9E00463C67 /* centerButton.png */; };
		FD7E223F1A076B9E00463C67 /* centerButton@2x.png in Resources */ = {isa = PBXBuildFile; fileRef = FD7E22301A076B9E00463C67 /* centerButton@2x.png */; };
		FD7E22401A076B9E00463C67 /* centerButton@2x.png in Resources */ = {isa = PBXBuildFile; fileRef = FD7E22301A076B9E00463C67 /* centerButton@2x.png */; };
		FD7E22411A076B9E00463C67 /* detectFace.png in Resources */ = {isa = PBXBuildFile; fileRef = FD7E22311A076B9E00463C67 /* detectFace.png */; };
		FD7E22421A076B9E00463C67 /* detectFace.png in Resources */ = {isa = PBXBuildFile; fileRef = FD7E22311A076B9E00463C67 /* detectFace.png */; };
		FD7E22431A076B9E00463C67 /* detectFace@2x.png in Resources */ = {isa = PBXBuildFile; fileRef = FD7E22321A076B9E00463C67 /* detectFace@2x.png */; };
		FD7E22441A076B9E00463C67 /* detectFace@2x.png in Resources */ = {isa = PBXBuildFile; fileRef = FD7E22321A076B9E00463C67 /* detectFace@2x.png */; };
		FD7E22451A076B9E00463C67 /* editPerson.png in Resources */ = {isa = PBXBuildFile; fileRef = FD7E22331A076B9E00463C67 /* editPerson.png */; };
		FD7E22461A076B9E00463C67 /* editPerson.png in Resources */ = {isa = PBXBuildFile; fileRef = FD7E22331A076B9E00463C67 /* editPerson.png */; };
		FD7E22471A076B9E00463C67 /* editPerson@2x.png in Resources */ = {isa = PBXBuildFile; fileRef = FD7E22341A076B9E00463C67 /* editPerson@2x.png */; };
		FD7E22481A076B9E00463C67 /* editPerson@2x.png in Resources */ = {isa = PBXBuildFile; fileRef = FD7E22341A076B9E00463C67 /* editPerson@2x.png */; };
		FD7E22491A076B9E00463C67 /* up.png in Resources */ = {isa = PBXBuildFile; fileRef = FD7E22351A076B9E00463C67 /* up.png */; };
		FD7E224A1A076B9E00463C67 /* up.png in Resources */ = {isa = PBXBuildFile; fileRef = FD7E22351A076B9E00463C67 /* up.png */; };
		FD7E224B1A076B9E00463C67 /* up@2x.png in Resources */ = {isa = PBXBuildFile; fileRef = FD7E22361A076B9E00463C67 /* up@2x.png */; };
		FD7E224C1A076B9E00463C67 /* up@2x.png in Resources */ = {isa = PBXBuildFile; fileRef = FD7E22361A076B9E00463C67 /* up@2x.png */; };
		FD7E224F1A076C5600463C67 /* Photo.png in Resources */ = {isa = PBXBuildFile; fileRef = FD7E224D1A076C5600463C67 /* Photo.png */; };
		FD7E22501A076C5600463C67 /* Photo.png in Resources */ = {isa = PBXBuildFile; fileRef = FD7E224D1A076C5600463C67 /* Photo.png */; };
		FD7E22511A076C5600463C67 /* Photo@2x.png in Resources */ = {isa = PBXBuildFile; fileRef = FD7E224E1A076C5600463C67 /* Photo@2x.png */; };
		FD7E22521A076C5600463C67 /* Photo@2x.png in Resources */ = {isa = PBXBuildFile; fileRef = FD7E224E1A076C5600463C67 /* Photo@2x.png */; };
		FDB3607F19CEC33300AAE34D /* SDEPopupPanel.m in Sources */ = {isa = PBXBuildFile; fileRef = FDB3607E19CEC33300AAE34D /* SDEPopupPanel.m */; };
		FDB3608219CF1EE800AAE34D /* SDENewPhotoDetector.m in Sources */ = {isa = PBXBuildFile; fileRef = FDB3608119CF1EE800AAE34D /* SDENewPhotoDetector.m */; };
		FDBF6BF819D1038000352DFA /* SDEMRVCDataSource.m in Sources */ = {isa = PBXBuildFile; fileRef = FD7327AC197FDD60006C5A2C /* SDEMRVCDataSource.m */; };
		FDBF6BFD19D1038000352DFA /* SDEScanRoomViewController.m in Sources */ = {isa = PBXBuildFile; fileRef = FD41312C1997486B00141578 /* SDEScanRoomViewController.m */; };
		FDBF6BFF19D1038000352DFA /* Face.m in Sources */ = {isa = PBXBuildFile; fileRef = FD7D2F9C197E97C7004E8FFD /* Face.m */; };
		FDBF6C0019D1038000352DFA /* main.m in Sources */ = {isa = PBXBuildFile; fileRef = FD67D88F197DFCFB00D2CCDA /* main.m */; };
		FDBF6C0119D1038000352DFA /* SDEPopupPanel.m in Sources */ = {isa = PBXBuildFile; fileRef = FDB3607E19CEC33300AAE34D /* SDEPopupPanel.m */; };
		FDBF6C0219D1038000352DFA /* AlbumGroup.m in Sources */ = {isa = PBXBuildFile; fileRef = FD7D2F99197E97C7004E8FFD /* AlbumGroup.m */; };
		FDBF6C0319D1038000352DFA /* SDEGalleryCell.m in Sources */ = {isa = PBXBuildFile; fileRef = FDC2609C19B42D980010FF57 /* SDEGalleryCell.m */; };
		FDBF6C0719D1038000352DFA /* SDEPersonProfileHeaderView.m in Sources */ = {isa = PBXBuildFile; fileRef = FD290B2719C5860E003A26DC /* SDEPersonProfileHeaderView.m */; };
		FDBF6C0919D1038000352DFA /* SDEAppDelegate.m in Sources */ = {isa = PBXBuildFile; fileRef = FD67D893197DFCFB00D2CCDA /* SDEAppDelegate.m */; };
		FDBF6C0A19D1038000352DFA /* SDECandidateCell.m in Sources */ = {isa = PBXBuildFile; fileRef = FD1164E719A8808500C1A41F /* SDECandidateCell.m */; };
		FDBF6C0B19D1038000352DFA /* SDEFaceVCDataSource.m in Sources */ = {isa = PBXBuildFile; fileRef = FD41312E1997486B00141578 /* SDEFaceVCDataSource.m */; };
		FDBF6C0E19D1038000352DFA /* PhotoCell.m in Sources */ = {isa = PBXBuildFile; fileRef = FD4131331997486B00141578 /* PhotoCell.m */; };
		FDBF6C1019D1038000352DFA /* Photo.m in Sources */ = {isa = PBXBuildFile; fileRef = FD7D2FA2197E97C7004E8FFD /* Photo.m */; };
		FDBF6C1519D1038000352DFA /* SDENewPhotoDetector.m in Sources */ = {isa = PBXBuildFile; fileRef = FDB3608119CF1EE800AAE34D /* SDENewPhotoDetector.m */; };
		FDBF6C1719D1038000352DFA /* PhotoScanManager.mm in Sources */ = {isa = PBXBuildFile; fileRef = FD41313919974A5E00141578 /* PhotoScanManager.mm */; };
		FDBF6C1819D1038000352DFA /* SDEAvatorCheckmarkView.m in Sources */ = {isa = PBXBuildFile; fileRef = FD3A106119CDC3C9006A3B4E /* SDEAvatorCheckmarkView.m */; };
		FDBF6C1919D1038000352DFA /* FaceCell.m in Sources */ = {isa = PBXBuildFile; fileRef = FD4131311997486B00141578 /* FaceCell.m */; };
		FDBF6C1B19D1038000352DFA /* SDEAvatorCell.m in Sources */ = {isa = PBXBuildFile; fileRef = FDE09AB81980A96400CDB283 /* SDEAvatorCell.m */; };
		FDBF6C1D19D1038000352DFA /* Store.m in Sources */ = {isa = PBXBuildFile; fileRef = FD67D8FC197E048400D2CCDA /* Store.m */; };
		FDBF6C2019D1038000352DFA /* SDEMontageRoomViewController.m in Sources */ = {isa = PBXBuildFile; fileRef = FD7D2F94197E7B55004E8FFD /* SDEMontageRoomViewController.m */; };
		FDBF6C2119D1038000352DFA /* SDEAvatorOverlayView.m in Sources */ = {isa = PBXBuildFile; fileRef = FD3A106419CDC44F006A3B4E /* SDEAvatorOverlayView.m */; };
		FDBF6C2219D1038000352DFA /* Person.m in Sources */ = {isa = PBXBuildFile; fileRef = FD7D2F9F197E97C7004E8FFD /* Person.m */; };
		FDBF6C2319D1038000352DFA /* FaceppDetection+LocalResultUploader.m in Sources */ = {isa = PBXBuildFile; fileRef = FD67D8E0197DFD6100D2CCDA /* FaceppDetection+LocalResultUploader.m */; };
		FDBF6C2519D1038000352DFA /* QuartzCore.framework in Frameworks */ = {isa = PBXBuildFile; fileRef = FD7327A6197FA082006C5A2C /* QuartzCore.framework */; };
		FDBF6C2619D1038000352DFA /* AssetsLibrary.framework in Frameworks */ = {isa = PBXBuildFile; fileRef = FD732781197F5C03006C5A2C /* AssetsLibrary.framework */; };
		FDBF6C2719D1038000352DFA /* CoreImage.framework in Frameworks */ = {isa = PBXBuildFile; fileRef = FD7D2FA4197E9AB2004E8FFD /* CoreImage.framework */; };
		FDBF6C2819D1038000352DFA /* libFaceppLocalDetector.a in Frameworks */ = {isa = PBXBuildFile; fileRef = FD67D8E2197DFD6100D2CCDA /* libFaceppLocalDetector.a */; };
		FDBF6C2919D1038000352DFA /* CoreGraphics.framework in Frameworks */ = {isa = PBXBuildFile; fileRef = FD67D883197DFCFB00D2CCDA /* CoreGraphics.framework */; };
		FDBF6C2A19D1038000352DFA /* CoreData.framework in Frameworks */ = {isa = PBXBuildFile; fileRef = FD67D887197DFCFB00D2CCDA /* CoreData.framework */; };
		FDBF6C2B19D1038000352DFA /* UIKit.framework in Frameworks */ = {isa = PBXBuildFile; fileRef = FD67D885197DFCFB00D2CCDA /* UIKit.framework */; };
		FDBF6C2C19D1038000352DFA /* Foundation.framework in Frameworks */ = {isa = PBXBuildFile; fileRef = FD67D881197DFCFB00D2CCDA /* Foundation.framework */; };
		FDBF6CFA19D1038000352DFA /* Main_iPad.storyboard in Resources */ = {isa = PBXBuildFile; fileRef = FD3802B51981040100AE51DF /* Main_iPad.storyboard */; };
		FDBF6D2F19D1038000352DFA /* Images.xcassets in Resources */ = {isa = PBXBuildFile; fileRef = FD67D898197DFCFB00D2CCDA /* Images.xcassets */; };
		FDBF6EF119D1A78F00352DFA /* FaceAlbum.xcdatamodeld in Sources */ = {isa = PBXBuildFile; fileRef = FDBF6EEF19D1A78F00352DFA /* FaceAlbum.xcdatamodeld */; };
		FDBF6EF219D1A78F00352DFA /* FaceAlbum.xcdatamodeld in Sources */ = {isa = PBXBuildFile; fileRef = FDBF6EEF19D1A78F00352DFA /* FaceAlbum.xcdatamodeld */; };
		FDBF6F4419D2D8E700352DFA /* Aged-Paper.png in Resources */ = {isa = PBXBuildFile; fileRef = FDBF6F3A19D2D8E700352DFA /* Aged-Paper.png */; };
		FDBF6F4519D2D8E700352DFA /* Aged-Paper.png in Resources */ = {isa = PBXBuildFile; fileRef = FDBF6F3A19D2D8E700352DFA /* Aged-Paper.png */; };
		FDBF6F4619D2D8E700352DFA /* Aged-Paper@2x.png in Resources */ = {isa = PBXBuildFile; fileRef = FDBF6F3B19D2D8E700352DFA /* Aged-Paper@2x.png */; };
		FDBF6F4719D2D8E700352DFA /* Aged-Paper@2x.png in Resources */ = {isa = PBXBuildFile; fileRef = FDBF6F3B19D2D8E700352DFA /* Aged-Paper@2x.png */; };
		FDBF6F4819D2D8E700352DFA /* Apple-Wood.png in Resources */ = {isa = PBXBuildFile; fileRef = FDBF6F3C19D2D8E700352DFA /* Apple-Wood.png */; };
		FDBF6F4919D2D8E700352DFA /* Apple-Wood.png in Resources */ = {isa = PBXBuildFile; fileRef = FDBF6F3C19D2D8E700352DFA /* Apple-Wood.png */; };
		FDBF6F4A19D2D8E700352DFA /* Apple-Wood@2x.png in Resources */ = {isa = PBXBuildFile; fileRef = FDBF6F3D19D2D8E700352DFA /* Apple-Wood@2x.png */; };
		FDBF6F4B19D2D8E700352DFA /* Apple-Wood@2x.png in Resources */ = {isa = PBXBuildFile; fileRef = FDBF6F3D19D2D8E700352DFA /* Apple-Wood@2x.png */; };
		FDBF6F5419D2D8E700352DFA /* Wood-Planks.png in Resources */ = {isa = PBXBuildFile; fileRef = FDBF6F4219D2D8E700352DFA /* Wood-Planks.png */; };
		FDBF6F5519D2D8E700352DFA /* Wood-Planks.png in Resources */ = {isa = PBXBuildFile; fileRef = FDBF6F4219D2D8E700352DFA /* Wood-Planks.png */; };
		FDBF6F5619D2D8E700352DFA /* Wood-Planks@2x.png in Resources */ = {isa = PBXBuildFile; fileRef = FDBF6F4319D2D8E700352DFA /* Wood-Planks@2x.png */; };
		FDBF6F5719D2D8E700352DFA /* Wood-Planks@2x.png in Resources */ = {isa = PBXBuildFile; fileRef = FDBF6F4319D2D8E700352DFA /* Wood-Planks@2x.png */; };
		FDC2609D19B42D980010FF57 /* SDEGalleryCell.m in Sources */ = {isa = PBXBuildFile; fileRef = FDC2609C19B42D980010FF57 /* SDEGalleryCell.m */; };
		FDC755531A09038300ECBFFF /* addPerson@2x.png in Resources */ = {isa = PBXBuildFile; fileRef = FDC755521A09038300ECBFFF /* addPerson@2x.png */; };
		FDC755541A09038300ECBFFF /* addPerson@2x.png in Resources */ = {isa = PBXBuildFile; fileRef = FDC755521A09038300ECBFFF /* addPerson@2x.png */; };
		FDC755591A090B0000ECBFFF /* FacelessManPoster.jpg in Resources */ = {isa = PBXBuildFile; fileRef = FDC755581A090B0000ECBFFF /* FacelessManPoster.jpg */; };
		FDC7555A1A090B0000ECBFFF /* FacelessManPoster.jpg in Resources */ = {isa = PBXBuildFile; fileRef = FDC755581A090B0000ECBFFF /* FacelessManPoster.jpg */; };
		FDDA9DC71A07B3DE00055225 /* FacelessManAvator.png in Resources */ = {isa = PBXBuildFile; fileRef = FDDA9DC61A07B3DE00055225 /* FacelessManAvator.png */; };
		FDDA9DC81A07B3DE00055225 /* FacelessManAvator.png in Resources */ = {isa = PBXBuildFile; fileRef = FDDA9DC61A07B3DE00055225 /* FacelessManAvator.png */; };
		FDE09AB91980A96400CDB283 /* SDEAvatorCell.m in Sources */ = {isa = PBXBuildFile; fileRef = FDE09AB81980A96400CDB283 /* SDEAvatorCell.m */; };
/* End PBXBuildFile section */

/* Begin PBXContainerItemProxy section */
		FD67D8A4197DFCFB00D2CCDA /* PBXContainerItemProxy */ = {
			isa = PBXContainerItemProxy;
			containerPortal = FD67D876197DFCFB00D2CCDA /* Project object */;
			proxyType = 1;
			remoteGlobalIDString = FD67D87D197DFCFB00D2CCDA;
			remoteInfo = FaceAlbum;
		};
/* End PBXContainerItemProxy section */

/* Begin PBXFileReference section */
		FD1164E619A8808500C1A41F /* SDECandidateCell.h */ = {isa = PBXFileReference; fileEncoding = 4; lastKnownFileType = sourcecode.c.h; path = SDECandidateCell.h; sourceTree = "<group>"; };
		FD1164E719A8808500C1A41F /* SDECandidateCell.m */ = {isa = PBXFileReference; fileEncoding = 4; lastKnownFileType = sourcecode.c.objc; path = SDECandidateCell.m; sourceTree = "<group>"; };
		FD290B2619C5860E003A26DC /* SDEPersonProfileHeaderView.h */ = {isa = PBXFileReference; fileEncoding = 4; lastKnownFileType = sourcecode.c.h; path = SDEPersonProfileHeaderView.h; sourceTree = "<group>"; };
		FD290B2719C5860E003A26DC /* SDEPersonProfileHeaderView.m */ = {isa = PBXFileReference; fileEncoding = 4; lastKnownFileType = sourcecode.c.objc; path = SDEPersonProfileHeaderView.m; sourceTree = "<group>"; };
		FD339F7019EB28530025E149 /* FaceAlbum 2.xcdatamodel */ = {isa = PBXFileReference; lastKnownFileType = wrapper.xcdatamodel; path = "FaceAlbum 2.xcdatamodel"; sourceTree = "<group>"; };
		FD3802B51981040100AE51DF /* Main_iPad.storyboard */ = {isa = PBXFileReference; fileEncoding = 4; lastKnownFileType = file.storyboard; name = Main_iPad.storyboard; path = ../Main_iPad.storyboard; sourceTree = "<group>"; };
		FD3A106019CDC3C9006A3B4E /* SDEAvatorCheckmarkView.h */ = {isa = PBXFileReference; fileEncoding = 4; lastKnownFileType = sourcecode.c.h; path = SDEAvatorCheckmarkView.h; sourceTree = "<group>"; };
		FD3A106119CDC3C9006A3B4E /* SDEAvatorCheckmarkView.m */ = {isa = PBXFileReference; fileEncoding = 4; lastKnownFileType = sourcecode.c.objc; path = SDEAvatorCheckmarkView.m; sourceTree = "<group>"; };
		FD3A106319CDC44F006A3B4E /* SDEAvatorOverlayView.h */ = {isa = PBXFileReference; fileEncoding = 4; lastKnownFileType = sourcecode.c.h; path = SDEAvatorOverlayView.h; sourceTree = "<group>"; };
		FD3A106419CDC44F006A3B4E /* SDEAvatorOverlayView.m */ = {isa = PBXFileReference; fileEncoding = 4; lastKnownFileType = sourcecode.c.objc; path = SDEAvatorOverlayView.m; sourceTree = "<group>"; };
		FD41312C1997486B00141578 /* SDEScanRoomViewController.m */ = {isa = PBXFileReference; fileEncoding = 4; lastKnownFileType = sourcecode.c.objc; path = SDEScanRoomViewController.m; sourceTree = "<group>"; };
		FD41312D1997486B00141578 /* SDEFaceVCDataSource.h */ = {isa = PBXFileReference; fileEncoding = 4; lastKnownFileType = sourcecode.c.h; path = SDEFaceVCDataSource.h; sourceTree = "<group>"; };
		FD41312E1997486B00141578 /* SDEFaceVCDataSource.m */ = {isa = PBXFileReference; fileEncoding = 4; lastKnownFileType = sourcecode.c.objc; path = SDEFaceVCDataSource.m; sourceTree = "<group>"; };
		FD41312F1997486B00141578 /* SDEScanRoomViewController.h */ = {isa = PBXFileReference; fileEncoding = 4; lastKnownFileType = sourcecode.c.h; path = SDEScanRoomViewController.h; sourceTree = "<group>"; };
		FD4131301997486B00141578 /* FaceCell.h */ = {isa = PBXFileReference; fileEncoding = 4; lastKnownFileType = sourcecode.c.h; path = FaceCell.h; sourceTree = "<group>"; };
		FD4131311997486B00141578 /* FaceCell.m */ = {isa = PBXFileReference; fileEncoding = 4; lastKnownFileType = sourcecode.c.objc; path = FaceCell.m; sourceTree = "<group>"; };
		FD4131321997486B00141578 /* PhotoCell.h */ = {isa = PBXFileReference; fileEncoding = 4; lastKnownFileType = sourcecode.c.h; path = PhotoCell.h; sourceTree = "<group>"; };
		FD4131331997486B00141578 /* PhotoCell.m */ = {isa = PBXFileReference; fileEncoding = 4; lastKnownFileType = sourcecode.c.objc; path = PhotoCell.m; sourceTree = "<group>"; };
		FD41313819974A5E00141578 /* PhotoScanManager.h */ = {isa = PBXFileReference; fileEncoding = 4; lastKnownFileType = sourcecode.c.h; path = PhotoScanManager.h; sourceTree = "<group>"; };
		FD41313919974A5E00141578 /* PhotoScanManager.mm */ = {isa = PBXFileReference; fileEncoding = 4; lastKnownFileType = sourcecode.cpp.objcpp; path = PhotoScanManager.mm; sourceTree = "<group>"; };
		FD67D87E197DFCFB00D2CCDA /* FaceAlbumDev.app */ = {isa = PBXFileReference; explicitFileType = wrapper.application; includeInIndex = 0; path = FaceAlbumDev.app; sourceTree = BUILT_PRODUCTS_DIR; };
		FD67D881197DFCFB00D2CCDA /* Foundation.framework */ = {isa = PBXFileReference; lastKnownFileType = wrapper.framework; name = Foundation.framework; path = System/Library/Frameworks/Foundation.framework; sourceTree = SDKROOT; };
		FD67D883197DFCFB00D2CCDA /* CoreGraphics.framework */ = {isa = PBXFileReference; lastKnownFileType = wrapper.framework; name = CoreGraphics.framework; path = System/Library/Frameworks/CoreGraphics.framework; sourceTree = SDKROOT; };
		FD67D885197DFCFB00D2CCDA /* UIKit.framework */ = {isa = PBXFileReference; lastKnownFileType = wrapper.framework; name = UIKit.framework; path = System/Library/Frameworks/UIKit.framework; sourceTree = SDKROOT; };
		FD67D887197DFCFB00D2CCDA /* CoreData.framework */ = {isa = PBXFileReference; lastKnownFileType = wrapper.framework; name = CoreData.framework; path = System/Library/Frameworks/CoreData.framework; sourceTree = SDKROOT; };
		FD67D88B197DFCFB00D2CCDA /* FaceAlbumDev-Info.plist */ = {isa = PBXFileReference; lastKnownFileType = text.plist.xml; path = "FaceAlbumDev-Info.plist"; sourceTree = "<group>"; };
		FD67D88D197DFCFB00D2CCDA /* en */ = {isa = PBXFileReference; lastKnownFileType = text.plist.strings; name = en; path = en.lproj/InfoPlist.strings; sourceTree = "<group>"; };
		FD67D88F197DFCFB00D2CCDA /* main.m */ = {isa = PBXFileReference; lastKnownFileType = sourcecode.c.objc; path = main.m; sourceTree = "<group>"; };
		FD67D891197DFCFB00D2CCDA /* FaceAlbum-Prefix.pch */ = {isa = PBXFileReference; lastKnownFileType = sourcecode.c.h; path = "FaceAlbum-Prefix.pch"; sourceTree = "<group>"; };
		FD67D892197DFCFB00D2CCDA /* SDEAppDelegate.h */ = {isa = PBXFileReference; lastKnownFileType = sourcecode.c.h; path = SDEAppDelegate.h; sourceTree = "<group>"; };
		FD67D893197DFCFB00D2CCDA /* SDEAppDelegate.m */ = {isa = PBXFileReference; lastKnownFileType = sourcecode.c.objc; path = SDEAppDelegate.m; sourceTree = "<group>"; };
		FD67D898197DFCFB00D2CCDA /* Images.xcassets */ = {isa = PBXFileReference; lastKnownFileType = folder.assetcatalog; path = Images.xcassets; sourceTree = "<group>"; };
		FD67D89E197DFCFB00D2CCDA /* FaceAlbumTests.xctest */ = {isa = PBXFileReference; explicitFileType = wrapper.cfbundle; includeInIndex = 0; path = FaceAlbumTests.xctest; sourceTree = BUILT_PRODUCTS_DIR; };
		FD67D89F197DFCFB00D2CCDA /* XCTest.framework */ = {isa = PBXFileReference; lastKnownFileType = wrapper.framework; name = XCTest.framework; path = Library/Frameworks/XCTest.framework; sourceTree = DEVELOPER_DIR; };
		FD67D8A8197DFCFB00D2CCDA /* FaceAlbumTests-Info.plist */ = {isa = PBXFileReference; lastKnownFileType = text.plist.xml; path = "FaceAlbumTests-Info.plist"; sourceTree = "<group>"; };
		FD67D8AA197DFCFB00D2CCDA /* en */ = {isa = PBXFileReference; lastKnownFileType = text.plist.strings; name = en; path = en.lproj/InfoPlist.strings; sourceTree = "<group>"; };
		FD67D8AC197DFCFB00D2CCDA /* FaceAlbumTests.m */ = {isa = PBXFileReference; lastKnownFileType = sourcecode.c.objc; path = FaceAlbumTests.m; sourceTree = "<group>"; };
		FD67D8DE197DFD6100D2CCDA /* APIKey+APISecret.h */ = {isa = PBXFileReference; fileEncoding = 4; lastKnownFileType = sourcecode.c.h; path = "APIKey+APISecret.h"; sourceTree = "<group>"; };
		FD67D8DF197DFD6100D2CCDA /* FaceppDetection+LocalResultUploader.h */ = {isa = PBXFileReference; fileEncoding = 4; lastKnownFileType = sourcecode.c.h; path = "FaceppDetection+LocalResultUploader.h"; sourceTree = "<group>"; };
		FD67D8E0197DFD6100D2CCDA /* FaceppDetection+LocalResultUploader.m */ = {isa = PBXFileReference; fileEncoding = 4; lastKnownFileType = sourcecode.c.objc; path = "FaceppDetection+LocalResultUploader.m"; sourceTree = "<group>"; };
		FD67D8E1197DFD6100D2CCDA /* FaceppLocalDetector.h */ = {isa = PBXFileReference; fileEncoding = 4; lastKnownFileType = sourcecode.c.h; path = FaceppLocalDetector.h; sourceTree = "<group>"; };
		FD67D8E2197DFD6100D2CCDA /* libFaceppLocalDetector.a */ = {isa = PBXFileReference; lastKnownFileType = archive.ar; path = libFaceppLocalDetector.a; sourceTree = "<group>"; };
		FD67D8FB197E048400D2CCDA /* Store.h */ = {isa = PBXFileReference; fileEncoding = 4; lastKnownFileType = sourcecode.c.h; path = Store.h; sourceTree = "<group>"; };
		FD67D8FC197E048400D2CCDA /* Store.m */ = {isa = PBXFileReference; fileEncoding = 4; lastKnownFileType = sourcecode.c.objc; path = Store.m; sourceTree = "<group>"; };
		FD732781197F5C03006C5A2C /* AssetsLibrary.framework */ = {isa = PBXFileReference; lastKnownFileType = wrapper.framework; name = AssetsLibrary.framework; path = System/Library/Frameworks/AssetsLibrary.framework; sourceTree = SDKROOT; };
		FD7327A6197FA082006C5A2C /* QuartzCore.framework */ = {isa = PBXFileReference; lastKnownFileType = wrapper.framework; name = QuartzCore.framework; path = System/Library/Frameworks/QuartzCore.framework; sourceTree = SDKROOT; };
		FD7327AB197FDD60006C5A2C /* SDEMRVCDataSource.h */ = {isa = PBXFileReference; fileEncoding = 4; lastKnownFileType = sourcecode.c.h; path = SDEMRVCDataSource.h; sourceTree = "<group>"; };
		FD7327AC197FDD60006C5A2C /* SDEMRVCDataSource.m */ = {isa = PBXFileReference; fileEncoding = 4; lastKnownFileType = sourcecode.c.objc; path = SDEMRVCDataSource.m; sourceTree = "<group>"; };
		FD7D2F93197E7B55004E8FFD /* SDEMontageRoomViewController.h */ = {isa = PBXFileReference; fileEncoding = 4; lastKnownFileType = sourcecode.c.h; path = SDEMontageRoomViewController.h; sourceTree = "<group>"; };
		FD7D2F94197E7B55004E8FFD /* SDEMontageRoomViewController.m */ = {isa = PBXFileReference; fileEncoding = 4; lastKnownFileType = sourcecode.c.objc; path = SDEMontageRoomViewController.m; sourceTree = "<group>"; };
		FD7D2F98197E97C7004E8FFD /* AlbumGroup.h */ = {isa = PBXFileReference; fileEncoding = 4; lastKnownFileType = sourcecode.c.h; path = AlbumGroup.h; sourceTree = "<group>"; };
		FD7D2F99197E97C7004E8FFD /* AlbumGroup.m */ = {isa = PBXFileReference; fileEncoding = 4; lastKnownFileType = sourcecode.c.objc; path = AlbumGroup.m; sourceTree = "<group>"; };
		FD7D2F9B197E97C7004E8FFD /* Face.h */ = {isa = PBXFileReference; fileEncoding = 4; lastKnownFileType = sourcecode.c.h; path = Face.h; sourceTree = "<group>"; };
		FD7D2F9C197E97C7004E8FFD /* Face.m */ = {isa = PBXFileReference; fileEncoding = 4; lastKnownFileType = sourcecode.c.objc; path = Face.m; sourceTree = "<group>"; };
		FD7D2F9E197E97C7004E8FFD /* Person.h */ = {isa = PBXFileReference; fileEncoding = 4; lastKnownFileType = sourcecode.c.h; path = Person.h; sourceTree = "<group>"; };
		FD7D2F9F197E97C7004E8FFD /* Person.m */ = {isa = PBXFileReference; fileEncoding = 4; lastKnownFileType = sourcecode.c.objc; path = Person.m; sourceTree = "<group>"; };
		FD7D2FA1197E97C7004E8FFD /* Photo.h */ = {isa = PBXFileReference; fileEncoding = 4; lastKnownFileType = sourcecode.c.h; path = Photo.h; sourceTree = "<group>"; };
		FD7D2FA2197E97C7004E8FFD /* Photo.m */ = {isa = PBXFileReference; fileEncoding = 4; lastKnownFileType = sourcecode.c.objc; path = Photo.m; sourceTree = "<group>"; };
		FD7D2FA4197E9AB2004E8FFD /* CoreImage.framework */ = {isa = PBXFileReference; lastKnownFileType = wrapper.framework; name = CoreImage.framework; path = System/Library/Frameworks/CoreImage.framework; sourceTree = SDKROOT; };
		FD7D43081A19F9FF00551093 /* SDEPhotoViewController.h */ = {isa = PBXFileReference; fileEncoding = 4; lastKnownFileType = sourcecode.c.h; path = SDEPhotoViewController.h; sourceTree = "<group>"; };
		FD7D43091A19F9FF00551093 /* SDEPhotoViewController.m */ = {isa = PBXFileReference; fileEncoding = 4; lastKnownFileType = sourcecode.c.objc; path = SDEPhotoViewController.m; sourceTree = "<group>"; };
		FD7D430D1A19FB4500551093 /* face.png */ = {isa = PBXFileReference; lastKnownFileType = image.png; path = face.png; sourceTree = "<group>"; };
		FD7D430E1A19FB4500551093 /* face@2x.png */ = {isa = PBXFileReference; lastKnownFileType = image.png; path = "face@2x.png"; sourceTree = "<group>"; };
		FD7D43131A1A04BF00551093 /* drawer.png */ = {isa = PBXFileReference; lastKnownFileType = image.png; path = drawer.png; sourceTree = "<group>"; };
		FD7D43141A1A04BF00551093 /* drawer@2x.png */ = {isa = PBXFileReference; lastKnownFileType = image.png; path = "drawer@2x.png"; sourceTree = "<group>"; };
		FD7D43191A1A089C00551093 /* SDESpecialItemVC.h */ = {isa = PBXFileReference; fileEncoding = 4; lastKnownFileType = sourcecode.c.h; path = SDESpecialItemVC.h; sourceTree = "<group>"; };
		FD7D431A1A1A089C00551093 /* SDESpecialItemVC.m */ = {isa = PBXFileReference; fileEncoding = 4; lastKnownFileType = sourcecode.c.objc; path = SDESpecialItemVC.m; sourceTree = "<group>"; };
		FD7D431D1A1A40F900551093 /* Album.png */ = {isa = PBXFileReference; lastKnownFileType = image.png; path = Album.png; sourceTree = "<group>"; };
		FD7D431E1A1A40F900551093 /* Album@2x.png */ = {isa = PBXFileReference; lastKnownFileType = image.png; path = "Album@2x.png"; sourceTree = "<group>"; };
		FD7D43231A1A432D00551093 /* changeStyle.png */ = {isa = PBXFileReference; lastKnownFileType = image.png; path = changeStyle.png; sourceTree = "<group>"; };
		FD7D43241A1A432D00551093 /* changeStyle@2x.png */ = {isa = PBXFileReference; lastKnownFileType = image.png; path = "changeStyle@2x.png"; sourceTree = "<group>"; };
		FD7D43291A1B017100551093 /* AccessDenied.png */ = {isa = PBXFileReference; lastKnownFileType = image.png; path = AccessDenied.png; sourceTree = "<group>"; };
		FD7D43391A1DA4A300551093 /* SDEPhotoSceneDataSource.h */ = {isa = PBXFileReference; fileEncoding = 4; lastKnownFileType = sourcecode.c.h; path = SDEPhotoSceneDataSource.h; sourceTree = "<group>"; };
		FD7D433A1A1DA4A300551093 /* SDEPhotoSceneDataSource.m */ = {isa = PBXFileReference; fileEncoding = 4; lastKnownFileType = sourcecode.c.objc; path = SDEPhotoSceneDataSource.m; sourceTree = "<group>"; };
		FD7D43531A1EDB5200551093 /* FaceppAPI.h */ = {isa = PBXFileReference; fileEncoding = 4; lastKnownFileType = sourcecode.c.h; path = FaceppAPI.h; sourceTree = "<group>"; };
		FD7D43541A1EDB5200551093 /* FaceppAPI.m */ = {isa = PBXFileReference; fileEncoding = 4; lastKnownFileType = sourcecode.c.objc; path = FaceppAPI.m; sourceTree = "<group>"; };
		FD7D43561A1EDB5200551093 /* FaceppClient.h */ = {isa = PBXFileReference; fileEncoding = 4; lastKnownFileType = sourcecode.c.h; path = FaceppClient.h; sourceTree = "<group>"; };
		FD7D43571A1EDB5200551093 /* FaceppClient.m */ = {isa = PBXFileReference; fileEncoding = 4; lastKnownFileType = sourcecode.c.objc; path = FaceppClient.m; sourceTree = "<group>"; };
		FD7D43581A1EDB5200551093 /* FaceppDetection.h */ = {isa = PBXFileReference; fileEncoding = 4; lastKnownFileType = sourcecode.c.h; path = FaceppDetection.h; sourceTree = "<group>"; };
		FD7D43591A1EDB5200551093 /* FaceppDetection.m */ = {isa = PBXFileReference; fileEncoding = 4; lastKnownFileType = sourcecode.c.objc; path = FaceppDetection.m; sourceTree = "<group>"; };
		FD7D435A1A1EDB5200551093 /* FaceppFaceset.h */ = {isa = PBXFileReference; fileEncoding = 4; lastKnownFileType = sourcecode.c.h; path = FaceppFaceset.h; sourceTree = "<group>"; };
		FD7D435B1A1EDB5200551093 /* FaceppFaceset.m */ = {isa = PBXFileReference; fileEncoding = 4; lastKnownFileType = sourcecode.c.objc; path = FaceppFaceset.m; sourceTree = "<group>"; };
		FD7D435C1A1EDB5200551093 /* FaceppGroup.h */ = {isa = PBXFileReference; fileEncoding = 4; lastKnownFileType = sourcecode.c.h; path = FaceppGroup.h; sourceTree = "<group>"; };
		FD7D435D1A1EDB5200551093 /* FaceppGroup.m */ = {isa = PBXFileReference; fileEncoding = 4; lastKnownFileType = sourcecode.c.objc; path = FaceppGroup.m; sourceTree = "<group>"; };
		FD7D435E1A1EDB5200551093 /* FaceppGrouping.h */ = {isa = PBXFileReference; fileEncoding = 4; lastKnownFileType = sourcecode.c.h; path = FaceppGrouping.h; sourceTree = "<group>"; };
		FD7D435F1A1EDB5200551093 /* FaceppGrouping.m */ = {isa = PBXFileReference; fileEncoding = 4; lastKnownFileType = sourcecode.c.objc; path = FaceppGrouping.m; sourceTree = "<group>"; };
		FD7D43601A1EDB5200551093 /* FaceppInfo.h */ = {isa = PBXFileReference; fileEncoding = 4; lastKnownFileType = sourcecode.c.h; path = FaceppInfo.h; sourceTree = "<group>"; };
		FD7D43611A1EDB5200551093 /* FaceppInfo.m */ = {isa = PBXFileReference; fileEncoding = 4; lastKnownFileType = sourcecode.c.objc; path = FaceppInfo.m; sourceTree = "<group>"; };
		FD7D43621A1EDB5200551093 /* FaceppPerson.h */ = {isa = PBXFileReference; fileEncoding = 4; lastKnownFileType = sourcecode.c.h; path = FaceppPerson.h; sourceTree = "<group>"; };
		FD7D43631A1EDB5200551093 /* FaceppPerson.m */ = {isa = PBXFileReference; fileEncoding = 4; lastKnownFileType = sourcecode.c.objc; path = FaceppPerson.m; sourceTree = "<group>"; };
		FD7D43641A1EDB5200551093 /* FaceppRecognition.h */ = {isa = PBXFileReference; fileEncoding = 4; lastKnownFileType = sourcecode.c.h; path = FaceppRecognition.h; sourceTree = "<group>"; };
		FD7D43651A1EDB5200551093 /* FaceppRecognition.m */ = {isa = PBXFileReference; fileEncoding = 4; lastKnownFileType = sourcecode.c.objc; path = FaceppRecognition.m; sourceTree = "<group>"; };
		FD7D43661A1EDB5200551093 /* FaceppTrainer.h */ = {isa = PBXFileReference; fileEncoding = 4; lastKnownFileType = sourcecode.c.h; path = FaceppTrainer.h; sourceTree = "<group>"; };
		FD7D43671A1EDB5200551093 /* FaceppTrainer.m */ = {isa = PBXFileReference; fileEncoding = 4; lastKnownFileType = sourcecode.c.objc; path = FaceppTrainer.m; sourceTree = "<group>"; };
		FD7D43691A1EDB5200551093 /* FaceppError.h */ = {isa = PBXFileReference; fileEncoding = 4; lastKnownFileType = sourcecode.c.h; path = FaceppError.h; sourceTree = "<group>"; };
		FD7D436A1A1EDB5200551093 /* FaceppError.m */ = {isa = PBXFileReference; fileEncoding = 4; lastKnownFileType = sourcecode.c.objc; path = FaceppError.m; sourceTree = "<group>"; };
		FD7D436B1A1EDB5200551093 /* FaceppResult.h */ = {isa = PBXFileReference; fileEncoding = 4; lastKnownFileType = sourcecode.c.h; path = FaceppResult.h; sourceTree = "<group>"; };
		FD7D436C1A1EDB5200551093 /* FaceppResult.m */ = {isa = PBXFileReference; fileEncoding = 4; lastKnownFileType = sourcecode.c.objc; path = FaceppResult.m; sourceTree = "<group>"; };
		FD7D438B1A1F6DDF00551093 /* SDEFaceRoomViewController.h */ = {isa = PBXFileReference; fileEncoding = 4; lastKnownFileType = sourcecode.c.h; path = SDEFaceRoomViewController.h; sourceTree = "<group>"; };
		FD7D438C1A1F6DDF00551093 /* SDEFaceRoomViewController.m */ = {isa = PBXFileReference; fileEncoding = 4; lastKnownFileType = sourcecode.c.objc; path = SDEFaceRoomViewController.m; sourceTree = "<group>"; };
		FD7D43901A1F6E3A00551093 /* HorizontalCollectionViewLayout.h */ = {isa = PBXFileReference; fileEncoding = 4; lastKnownFileType = sourcecode.c.h; path = HorizontalCollectionViewLayout.h; sourceTree = "<group>"; };
		FD7D43911A1F6E3A00551093 /* HorizontalCollectionViewLayout.m */ = {isa = PBXFileReference; fileEncoding = 4; lastKnownFileType = sourcecode.c.objc; path = HorizontalCollectionViewLayout.m; sourceTree = "<group>"; };
		FD7D43941A20D5D200551093 /* LineLayout.h */ = {isa = PBXFileReference; fileEncoding = 4; lastKnownFileType = sourcecode.c.h; path = LineLayout.h; sourceTree = "<group>"; };
		FD7D43951A20D5D200551093 /* LineLayout.m */ = {isa = PBXFileReference; fileEncoding = 4; lastKnownFileType = sourcecode.c.objc; path = LineLayout.m; sourceTree = "<group>"; };
		FD7E222C1A076B9E00463C67 /* addPerson.png */ = {isa = PBXFileReference; lastKnownFileType = image.png; path = addPerson.png; sourceTree = "<group>"; };
		FD7E222D1A076B9E00463C67 /* avator.png */ = {isa = PBXFileReference; lastKnownFileType = image.png; path = avator.png; sourceTree = "<group>"; };
		FD7E222E1A076B9E00463C67 /* avator@2x.png */ = {isa = PBXFileReference; lastKnownFileType = image.png; path = "avator@2x.png"; sourceTree = "<group>"; };
		FD7E222F1A076B9E00463C67 /* centerButton.png */ = {isa = PBXFileReference; lastKnownFileType = image.png; path = centerButton.png; sourceTree = "<group>"; };
		FD7E22301A076B9E00463C67 /* centerButton@2x.png */ = {isa = PBXFileReference; lastKnownFileType = image.png; path = "centerButton@2x.png"; sourceTree = "<group>"; };
		FD7E22311A076B9E00463C67 /* detectFace.png */ = {isa = PBXFileReference; lastKnownFileType = image.png; path = detectFace.png; sourceTree = "<group>"; };
		FD7E22321A076B9E00463C67 /* detectFace@2x.png */ = {isa = PBXFileReference; lastKnownFileType = image.png; path = "detectFace@2x.png"; sourceTree = "<group>"; };
		FD7E22331A076B9E00463C67 /* editPerson.png */ = {isa = PBXFileReference; lastKnownFileType = image.png; path = editPerson.png; sourceTree = "<group>"; };
		FD7E22341A076B9E00463C67 /* editPerson@2x.png */ = {isa = PBXFileReference; lastKnownFileType = image.png; path = "editPerson@2x.png"; sourceTree = "<group>"; };
		FD7E22351A076B9E00463C67 /* up.png */ = {isa = PBXFileReference; lastKnownFileType = image.png; path = up.png; sourceTree = "<group>"; };
		FD7E22361A076B9E00463C67 /* up@2x.png */ = {isa = PBXFileReference; lastKnownFileType = image.png; path = "up@2x.png"; sourceTree = "<group>"; };
		FD7E224D1A076C5600463C67 /* Photo.png */ = {isa = PBXFileReference; lastKnownFileType = image.png; path = Photo.png; sourceTree = "<group>"; };
		FD7E224E1A076C5600463C67 /* Photo@2x.png */ = {isa = PBXFileReference; lastKnownFileType = image.png; path = "Photo@2x.png"; sourceTree = "<group>"; };
		FD7E22531A0770B200463C67 /* FaceAlbum 3.xcdatamodel */ = {isa = PBXFileReference; lastKnownFileType = wrapper.xcdatamodel; path = "FaceAlbum 3.xcdatamodel"; sourceTree = "<group>"; };
		FD91AACE1A2393F5000E4EB1 /* FaceAlbum 4.xcdatamodel */ = {isa = PBXFileReference; lastKnownFileType = wrapper.xcdatamodel; path = "FaceAlbum 4.xcdatamodel"; sourceTree = "<group>"; };
		FDB3607D19CEC33300AAE34D /* SDEPopupPanel.h */ = {isa = PBXFileReference; fileEncoding = 4; lastKnownFileType = sourcecode.c.h; path = SDEPopupPanel.h; sourceTree = "<group>"; };
		FDB3607E19CEC33300AAE34D /* SDEPopupPanel.m */ = {isa = PBXFileReference; fileEncoding = 4; lastKnownFileType = sourcecode.c.objc; path = SDEPopupPanel.m; sourceTree = "<group>"; };
		FDB3608019CF1EE800AAE34D /* SDENewPhotoDetector.h */ = {isa = PBXFileReference; fileEncoding = 4; lastKnownFileType = sourcecode.c.h; path = SDENewPhotoDetector.h; sourceTree = "<group>"; };
		FDB3608119CF1EE800AAE34D /* SDENewPhotoDetector.m */ = {isa = PBXFileReference; fileEncoding = 4; lastKnownFileType = sourcecode.c.objc; path = SDENewPhotoDetector.m; sourceTree = "<group>"; };
		FDBF6ED319D1038000352DFA /* FaceAlbum.app */ = {isa = PBXFileReference; explicitFileType = wrapper.application; includeInIndex = 0; path = FaceAlbum.app; sourceTree = BUILT_PRODUCTS_DIR; };
		FDBF6ED419D1038100352DFA /* FaceAlbumRelease-Info.plist */ = {isa = PBXFileReference; lastKnownFileType = text.plist.xml; name = "FaceAlbumRelease-Info.plist"; path = "/Users/seedante/Development Library/FaceAlbum/FaceAlbumRelease-Info.plist"; sourceTree = "<absolute>"; };
		FDBF6EF019D1A78F00352DFA /* FaceAlbum.xcdatamodel */ = {isa = PBXFileReference; lastKnownFileType = wrapper.xcdatamodel; path = FaceAlbum.xcdatamodel; sourceTree = "<group>"; };
		FDBF6F3A19D2D8E700352DFA /* Aged-Paper.png */ = {isa = PBXFileReference; lastKnownFileType = image.png; path = "Aged-Paper.png"; sourceTree = "<group>"; };
		FDBF6F3B19D2D8E700352DFA /* Aged-Paper@2x.png */ = {isa = PBXFileReference; lastKnownFileType = image.png; path = "Aged-Paper@2x.png"; sourceTree = "<group>"; };
		FDBF6F3C19D2D8E700352DFA /* Apple-Wood.png */ = {isa = PBXFileReference; lastKnownFileType = image.png; path = "Apple-Wood.png"; sourceTree = "<group>"; };
		FDBF6F3D19D2D8E700352DFA /* Apple-Wood@2x.png */ = {isa = PBXFileReference; lastKnownFileType = image.png; path = "Apple-Wood@2x.png"; sourceTree = "<group>"; };
		FDBF6F4219D2D8E700352DFA /* Wood-Planks.png */ = {isa = PBXFileReference; lastKnownFileType = image.png; path = "Wood-Planks.png"; sourceTree = "<group>"; };
		FDBF6F4319D2D8E700352DFA /* Wood-Planks@2x.png */ = {isa = PBXFileReference; lastKnownFileType = image.png; path = "Wood-Planks@2x.png"; sourceTree = "<group>"; };
		FDC2609B19B42D980010FF57 /* SDEGalleryCell.h */ = {isa = PBXFileReference; fileEncoding = 4; lastKnownFileType = sourcecode.c.h; path = SDEGalleryCell.h; sourceTree = "<group>"; };
		FDC2609C19B42D980010FF57 /* SDEGalleryCell.m */ = {isa = PBXFileReference; fileEncoding = 4; lastKnownFileType = sourcecode.c.objc; path = SDEGalleryCell.m; sourceTree = "<group>"; };
		FDC755521A09038300ECBFFF /* addPerson@2x.png */ = {isa = PBXFileReference; lastKnownFileType = image.png; path = "addPerson@2x.png"; sourceTree = "<group>"; };
		FDC755581A090B0000ECBFFF /* FacelessManPoster.jpg */ = {isa = PBXFileReference; lastKnownFileType = image.jpeg; path = FacelessManPoster.jpg; sourceTree = "<group>"; };
		FDDA9DC61A07B3DE00055225 /* FacelessManAvator.png */ = {isa = PBXFileReference; lastKnownFileType = image.png; path = FacelessManAvator.png; sourceTree = "<group>"; };
		FDE09AB71980A96400CDB283 /* SDEAvatorCell.h */ = {isa = PBXFileReference; fileEncoding = 4; lastKnownFileType = sourcecode.c.h; path = SDEAvatorCell.h; sourceTree = "<group>"; };
		FDE09AB81980A96400CDB283 /* SDEAvatorCell.m */ = {isa = PBXFileReference; fileEncoding = 4; lastKnownFileType = sourcecode.c.objc; path = SDEAvatorCell.m; sourceTree = "<group>"; };
/* End PBXFileReference section */

/* Begin PBXFrameworksBuildPhase section */
		FD67D87B197DFCFB00D2CCDA /* Frameworks */ = {
			isa = PBXFrameworksBuildPhase;
			buildActionMask = 2147483647;
			files = (
				FD7327A7197FA082006C5A2C /* QuartzCore.framework in Frameworks */,
				FD732782197F5C03006C5A2C /* AssetsLibrary.framework in Frameworks */,
				FD7D2FA5197E9AB2004E8FFD /* CoreImage.framework in Frameworks */,
				FD67D8E4197DFD6100D2CCDA /* libFaceppLocalDetector.a in Frameworks */,
				FD67D884197DFCFB00D2CCDA /* CoreGraphics.framework in Frameworks */,
				FD67D888197DFCFB00D2CCDA /* CoreData.framework in Frameworks */,
				FD67D886197DFCFB00D2CCDA /* UIKit.framework in Frameworks */,
				FD67D882197DFCFB00D2CCDA /* Foundation.framework in Frameworks */,
			);
			runOnlyForDeploymentPostprocessing = 0;
		};
		FD67D89B197DFCFB00D2CCDA /* Frameworks */ = {
			isa = PBXFrameworksBuildPhase;
			buildActionMask = 2147483647;
			files = (
				FD67D8A0197DFCFB00D2CCDA /* XCTest.framework in Frameworks */,
				FD67D8A3197DFCFB00D2CCDA /* CoreData.framework in Frameworks */,
				FD67D8A2197DFCFB00D2CCDA /* UIKit.framework in Frameworks */,
				FD67D8A1197DFCFB00D2CCDA /* Foundation.framework in Frameworks */,
			);
			runOnlyForDeploymentPostprocessing = 0;
		};
		FDBF6C2419D1038000352DFA /* Frameworks */ = {
			isa = PBXFrameworksBuildPhase;
			buildActionMask = 2147483647;
			files = (
				FDBF6C2519D1038000352DFA /* QuartzCore.framework in Frameworks */,
				FDBF6C2619D1038000352DFA /* AssetsLibrary.framework in Frameworks */,
				FDBF6C2719D1038000352DFA /* CoreImage.framework in Frameworks */,
				FDBF6C2819D1038000352DFA /* libFaceppLocalDetector.a in Frameworks */,
				FDBF6C2919D1038000352DFA /* CoreGraphics.framework in Frameworks */,
				FDBF6C2A19D1038000352DFA /* CoreData.framework in Frameworks */,
				FDBF6C2B19D1038000352DFA /* UIKit.framework in Frameworks */,
				FDBF6C2C19D1038000352DFA /* Foundation.framework in Frameworks */,
			);
			runOnlyForDeploymentPostprocessing = 0;
		};
/* End PBXFrameworksBuildPhase section */

/* Begin PBXGroup section */
		FD4131281997050A00141578 /* ScanRoom */ = {
			isa = PBXGroup;
			children = (
				FD41312F1997486B00141578 /* SDEScanRoomViewController.h */,
				FD41312C1997486B00141578 /* SDEScanRoomViewController.m */,
				FDB3608019CF1EE800AAE34D /* SDENewPhotoDetector.h */,
				FDB3608119CF1EE800AAE34D /* SDENewPhotoDetector.m */,
				FD41312D1997486B00141578 /* SDEFaceVCDataSource.h */,
				FD41312E1997486B00141578 /* SDEFaceVCDataSource.m */,
				FD41313819974A5E00141578 /* PhotoScanManager.h */,
				FD41313919974A5E00141578 /* PhotoScanManager.mm */,
				FD4131301997486B00141578 /* FaceCell.h */,
				FD4131311997486B00141578 /* FaceCell.m */,
				FD4131321997486B00141578 /* PhotoCell.h */,
				FD4131331997486B00141578 /* PhotoCell.m */,
			);
			name = ScanRoom;
			sourceTree = "<group>";
		};
		FD4131291997052500141578 /* MontageRoom */ = {
			isa = PBXGroup;
			children = (
				FD7D2F93197E7B55004E8FFD /* SDEMontageRoomViewController.h */,
				FD7D2F94197E7B55004E8FFD /* SDEMontageRoomViewController.m */,
				FD7327AB197FDD60006C5A2C /* SDEMRVCDataSource.h */,
				FD7327AC197FDD60006C5A2C /* SDEMRVCDataSource.m */,
				FD290B2619C5860E003A26DC /* SDEPersonProfileHeaderView.h */,
				FD290B2719C5860E003A26DC /* SDEPersonProfileHeaderView.m */,
				FDE09AB71980A96400CDB283 /* SDEAvatorCell.h */,
				FDE09AB81980A96400CDB283 /* SDEAvatorCell.m */,
				FD3A106319CDC44F006A3B4E /* SDEAvatorOverlayView.h */,
				FD3A106419CDC44F006A3B4E /* SDEAvatorOverlayView.m */,
				FD3A106019CDC3C9006A3B4E /* SDEAvatorCheckmarkView.h */,
				FD3A106119CDC3C9006A3B4E /* SDEAvatorCheckmarkView.m */,
				FD1164E619A8808500C1A41F /* SDECandidateCell.h */,
				FD1164E719A8808500C1A41F /* SDECandidateCell.m */,
			);
			name = MontageRoom;
			sourceTree = "<group>";
		};
		FD67D875197DFCFB00D2CCDA = {
			isa = PBXGroup;
			children = (
				FD9590411985FA76001C2345 /* Source */,
				FD67D8F6197DFD8900D2CCDA /* ThirdPackage */,
				FD67D889197DFCFB00D2CCDA /* FaceAlbum */,
				FD7D2F97197E8C90004E8FFD /* ManagedObjectSubclass */,
				FD67D8A6197DFCFB00D2CCDA /* FaceAlbumTests */,
				FD67D880197DFCFB00D2CCDA /* Frameworks */,
				FD67D87F197DFCFB00D2CCDA /* Products */,
			);
			sourceTree = "<group>";
		};
		FD67D87F197DFCFB00D2CCDA /* Products */ = {
			isa = PBXGroup;
			children = (
				FD67D87E197DFCFB00D2CCDA /* FaceAlbumDev.app */,
				FD67D89E197DFCFB00D2CCDA /* FaceAlbumTests.xctest */,
				FDBF6ED319D1038000352DFA /* FaceAlbum.app */,
			);
			name = Products;
			sourceTree = "<group>";
		};
		FD67D880197DFCFB00D2CCDA /* Frameworks */ = {
			isa = PBXGroup;
			children = (
				FD7327A6197FA082006C5A2C /* QuartzCore.framework */,
				FD732781197F5C03006C5A2C /* AssetsLibrary.framework */,
				FD7D2FA4197E9AB2004E8FFD /* CoreImage.framework */,
				FD67D881197DFCFB00D2CCDA /* Foundation.framework */,
				FD67D883197DFCFB00D2CCDA /* CoreGraphics.framework */,
				FD67D885197DFCFB00D2CCDA /* UIKit.framework */,
				FD67D887197DFCFB00D2CCDA /* CoreData.framework */,
				FD67D89F197DFCFB00D2CCDA /* XCTest.framework */,
			);
			name = Frameworks;
			sourceTree = "<group>";
		};
		FD67D889197DFCFB00D2CCDA /* FaceAlbum */ = {
			isa = PBXGroup;
			children = (
				FD67D892197DFCFB00D2CCDA /* SDEAppDelegate.h */,
				FD67D893197DFCFB00D2CCDA /* SDEAppDelegate.m */,
				FD67D8FB197E048400D2CCDA /* Store.h */,
				FD67D8FC197E048400D2CCDA /* Store.m */,
				FD7D430C1A19FA0400551093 /* PhotoScene */,
				FD7D43071A19F9AE00551093 /* FaceScene */,
				FD67D88A197DFCFB00D2CCDA /* Supporting Files */,
			);
			path = FaceAlbum;
			sourceTree = "<group>";
		};
		FD67D88A197DFCFB00D2CCDA /* Supporting Files */ = {
			isa = PBXGroup;
			children = (
				FD67D88B197DFCFB00D2CCDA /* FaceAlbumDev-Info.plist */,
				FDBF6ED419D1038100352DFA /* FaceAlbumRelease-Info.plist */,
				FD67D88C197DFCFB00D2CCDA /* InfoPlist.strings */,
				FD67D88F197DFCFB00D2CCDA /* main.m */,
				FD67D891197DFCFB00D2CCDA /* FaceAlbum-Prefix.pch */,
			);
			name = "Supporting Files";
			sourceTree = "<group>";
		};
		FD67D8A6197DFCFB00D2CCDA /* FaceAlbumTests */ = {
			isa = PBXGroup;
			children = (
				FD67D8AC197DFCFB00D2CCDA /* FaceAlbumTests.m */,
				FD67D8A7197DFCFB00D2CCDA /* Supporting Files */,
			);
			path = FaceAlbumTests;
			sourceTree = "<group>";
		};
		FD67D8A7197DFCFB00D2CCDA /* Supporting Files */ = {
			isa = PBXGroup;
			children = (
				FD67D8A8197DFCFB00D2CCDA /* FaceAlbumTests-Info.plist */,
				FD67D8A9197DFCFB00D2CCDA /* InfoPlist.strings */,
			);
			name = "Supporting Files";
			sourceTree = "<group>";
		};
		FD67D8DD197DFD6100D2CCDA /* FaceppLocalDetector */ = {
			isa = PBXGroup;
			children = (
				FD67D8DE197DFD6100D2CCDA /* APIKey+APISecret.h */,
				FD67D8DF197DFD6100D2CCDA /* FaceppDetection+LocalResultUploader.h */,
				FD67D8E0197DFD6100D2CCDA /* FaceppDetection+LocalResultUploader.m */,
				FD67D8E1197DFD6100D2CCDA /* FaceppLocalDetector.h */,
				FD67D8E2197DFD6100D2CCDA /* libFaceppLocalDetector.a */,
			);
			path = FaceppLocalDetector;
			sourceTree = "<group>";
		};
		FD67D8F6197DFD8900D2CCDA /* ThirdPackage */ = {
			isa = PBXGroup;
			children = (
				FD7D43521A1EDB5200551093 /* FaceppSDK */,
				FD67D8DD197DFD6100D2CCDA /* FaceppLocalDetector */,
			);
			name = ThirdPackage;
			sourceTree = "<group>";
		};
		FD7D2F97197E8C90004E8FFD /* ManagedObjectSubclass */ = {
			isa = PBXGroup;
			children = (
				FDBF6EEF19D1A78F00352DFA /* FaceAlbum.xcdatamodeld */,
				FD7D2FA1197E97C7004E8FFD /* Photo.h */,
				FD7D2FA2197E97C7004E8FFD /* Photo.m */,
				FD7D2F9E197E97C7004E8FFD /* Person.h */,
				FD7D2F9F197E97C7004E8FFD /* Person.m */,
				FD7D2F9B197E97C7004E8FFD /* Face.h */,
				FD7D2F9C197E97C7004E8FFD /* Face.m */,
				FD7D2F98197E97C7004E8FFD /* AlbumGroup.h */,
				FD7D2F99197E97C7004E8FFD /* AlbumGroup.m */,
			);
			name = ManagedObjectSubclass;
			path = FaceAlbumTests;
			sourceTree = "<group>";
		};
		FD7D43071A19F9AE00551093 /* FaceScene */ = {
			isa = PBXGroup;
			children = (
				FD4131281997050A00141578 /* ScanRoom */,
				FD4131291997052500141578 /* MontageRoom */,
				FD7D438F1A1F6DE500551093 /* FaceRoom */,
			);
			name = FaceScene;
			sourceTree = "<group>";
		};
		FD7D430C1A19FA0400551093 /* PhotoScene */ = {
			isa = PBXGroup;
			children = (
				FD7D43081A19F9FF00551093 /* SDEPhotoViewController.h */,
				FD7D43091A19F9FF00551093 /* SDEPhotoViewController.m */,
				FD7D43391A1DA4A300551093 /* SDEPhotoSceneDataSource.h */,
				FD7D433A1A1DA4A300551093 /* SDEPhotoSceneDataSource.m */,
				FD7D43191A1A089C00551093 /* SDESpecialItemVC.h */,
				FD7D431A1A1A089C00551093 /* SDESpecialItemVC.m */,
			);
			name = PhotoScene;
			sourceTree = "<group>";
		};
		FD7D43521A1EDB5200551093 /* FaceppSDK */ = {
			isa = PBXGroup;
			children = (
				FD7D43531A1EDB5200551093 /* FaceppAPI.h */,
				FD7D43541A1EDB5200551093 /* FaceppAPI.m */,
				FD7D43551A1EDB5200551093 /* FaceppAPISource */,
				FD7D43681A1EDB5200551093 /* FaceppResult */,
			);
			path = FaceppSDK;
			sourceTree = "<group>";
		};
		FD7D43551A1EDB5200551093 /* FaceppAPISource */ = {
			isa = PBXGroup;
			children = (
				FD7D43561A1EDB5200551093 /* FaceppClient.h */,
				FD7D43571A1EDB5200551093 /* FaceppClient.m */,
				FD7D43581A1EDB5200551093 /* FaceppDetection.h */,
				FD7D43591A1EDB5200551093 /* FaceppDetection.m */,
				FD7D435A1A1EDB5200551093 /* FaceppFaceset.h */,
				FD7D435B1A1EDB5200551093 /* FaceppFaceset.m */,
				FD7D435C1A1EDB5200551093 /* FaceppGroup.h */,
				FD7D435D1A1EDB5200551093 /* FaceppGroup.m */,
				FD7D435E1A1EDB5200551093 /* FaceppGrouping.h */,
				FD7D435F1A1EDB5200551093 /* FaceppGrouping.m */,
				FD7D43601A1EDB5200551093 /* FaceppInfo.h */,
				FD7D43611A1EDB5200551093 /* FaceppInfo.m */,
				FD7D43621A1EDB5200551093 /* FaceppPerson.h */,
				FD7D43631A1EDB5200551093 /* FaceppPerson.m */,
				FD7D43641A1EDB5200551093 /* FaceppRecognition.h */,
				FD7D43651A1EDB5200551093 /* FaceppRecognition.m */,
				FD7D43661A1EDB5200551093 /* FaceppTrainer.h */,
				FD7D43671A1EDB5200551093 /* FaceppTrainer.m */,
			);
			path = FaceppAPISource;
			sourceTree = "<group>";
		};
		FD7D43681A1EDB5200551093 /* FaceppResult */ = {
			isa = PBXGroup;
			children = (
				FD7D43691A1EDB5200551093 /* FaceppError.h */,
				FD7D436A1A1EDB5200551093 /* FaceppError.m */,
				FD7D436B1A1EDB5200551093 /* FaceppResult.h */,
				FD7D436C1A1EDB5200551093 /* FaceppResult.m */,
			);
			path = FaceppResult;
			sourceTree = "<group>";
		};
		FD7D438F1A1F6DE500551093 /* FaceRoom */ = {
			isa = PBXGroup;
			children = (
				FD7D438B1A1F6DDF00551093 /* SDEFaceRoomViewController.h */,
				FD7D438C1A1F6DDF00551093 /* SDEFaceRoomViewController.m */,
				FD7D43901A1F6E3A00551093 /* HorizontalCollectionViewLayout.h */,
				FD7D43911A1F6E3A00551093 /* HorizontalCollectionViewLayout.m */,
				FD7D43941A20D5D200551093 /* LineLayout.h */,
				FD7D43951A20D5D200551093 /* LineLayout.m */,
				FDB3607D19CEC33300AAE34D /* SDEPopupPanel.h */,
				FDB3607E19CEC33300AAE34D /* SDEPopupPanel.m */,
				FDC2609B19B42D980010FF57 /* SDEGalleryCell.h */,
				FDC2609C19B42D980010FF57 /* SDEGalleryCell.m */,
			);
			name = FaceRoom;
			sourceTree = "<group>";
		};
		FD7E222B1A076B9E00463C67 /* IconForButtons */ = {
			isa = PBXGroup;
			children = (
				FD7D43231A1A432D00551093 /* changeStyle.png */,
				FD7D43241A1A432D00551093 /* changeStyle@2x.png */,
				FD7D431D1A1A40F900551093 /* Album.png */,
				FD7D431E1A1A40F900551093 /* Album@2x.png */,
				FD7D43131A1A04BF00551093 /* drawer.png */,
				FD7D43141A1A04BF00551093 /* drawer@2x.png */,
				FD7D430D1A19FB4500551093 /* face.png */,
				FD7D430E1A19FB4500551093 /* face@2x.png */,
				FDDA9DC61A07B3DE00055225 /* FacelessManAvator.png */,
				FDC755581A090B0000ECBFFF /* FacelessManPoster.jpg */,
				FD7E224D1A076C5600463C67 /* Photo.png */,
				FD7E224E1A076C5600463C67 /* Photo@2x.png */,
				FD7E222C1A076B9E00463C67 /* addPerson.png */,
				FDC755521A09038300ECBFFF /* addPerson@2x.png */,
				FD7E222D1A076B9E00463C67 /* avator.png */,
				FD7E222E1A076B9E00463C67 /* avator@2x.png */,
				FD7E222F1A076B9E00463C67 /* centerButton.png */,
				FD7E22301A076B9E00463C67 /* centerButton@2x.png */,
				FD7E22311A076B9E00463C67 /* detectFace.png */,
				FD7E22321A076B9E00463C67 /* detectFace@2x.png */,
				FD7E22331A076B9E00463C67 /* editPerson.png */,
				FD7E22341A076B9E00463C67 /* editPerson@2x.png */,
				FD7E22351A076B9E00463C67 /* up.png */,
				FD7E22361A076B9E00463C67 /* up@2x.png */,
			);
			path = IconForButtons;
			sourceTree = "<group>";
		};
		FD9590411985FA76001C2345 /* Source */ = {
			isa = PBXGroup;
			children = (
				FD7E222B1A076B9E00463C67 /* IconForButtons */,
				FDBF6F3919D2D8E700352DFA /* Background */,
				FD3802B51981040100AE51DF /* Main_iPad.storyboard */,
				FD67D898197DFCFB00D2CCDA /* Images.xcassets */,
			);
			name = Source;
			path = FaceAlbum;
			sourceTree = "<group>";
		};
		FDBF6F3919D2D8E700352DFA /* Background */ = {
			isa = PBXGroup;
			children = (
				FD7D43291A1B017100551093 /* AccessDenied.png */,
				FDBF6F3A19D2D8E700352DFA /* Aged-Paper.png */,
				FDBF6F3B19D2D8E700352DFA /* Aged-Paper@2x.png */,
				FDBF6F3C19D2D8E700352DFA /* Apple-Wood.png */,
				FDBF6F3D19D2D8E700352DFA /* Apple-Wood@2x.png */,
				FDBF6F4219D2D8E700352DFA /* Wood-Planks.png */,
				FDBF6F4319D2D8E700352DFA /* Wood-Planks@2x.png */,
			);
			path = Background;
			sourceTree = "<group>";
		};
/* End PBXGroup section */

/* Begin PBXNativeTarget section */
		FD67D87D197DFCFB00D2CCDA /* FaceAlbumDev */ = {
			isa = PBXNativeTarget;
			buildConfigurationList = FD67D8B0197DFCFB00D2CCDA /* Build configuration list for PBXNativeTarget "FaceAlbumDev" */;
			buildPhases = (
				FD67D87A197DFCFB00D2CCDA /* Sources */,
				FD67D87B197DFCFB00D2CCDA /* Frameworks */,
				FD67D87C197DFCFB00D2CCDA /* Resources */,
			);
			buildRules = (
			);
			dependencies = (
			);
			name = FaceAlbumDev;
			productName = FaceAlbum;
			productReference = FD67D87E197DFCFB00D2CCDA /* FaceAlbumDev.app */;
			productType = "com.apple.product-type.application";
		};
		FD67D89D197DFCFB00D2CCDA /* FaceAlbumTests */ = {
			isa = PBXNativeTarget;
			buildConfigurationList = FD67D8B3197DFCFB00D2CCDA /* Build configuration list for PBXNativeTarget "FaceAlbumTests" */;
			buildPhases = (
				FD67D89A197DFCFB00D2CCDA /* Sources */,
				FD67D89B197DFCFB00D2CCDA /* Frameworks */,
				FD67D89C197DFCFB00D2CCDA /* Resources */,
			);
			buildRules = (
			);
			dependencies = (
				FD67D8A5197DFCFB00D2CCDA /* PBXTargetDependency */,
			);
			name = FaceAlbumTests;
			productName = FaceAlbumTests;
			productReference = FD67D89E197DFCFB00D2CCDA /* FaceAlbumTests.xctest */;
			productType = "com.apple.product-type.bundle.unit-test";
		};
		FDBF6BF519D1038000352DFA /* FaceAlbumRelease */ = {
			isa = PBXNativeTarget;
			buildConfigurationList = FDBF6ED019D1038000352DFA /* Build configuration list for PBXNativeTarget "FaceAlbumRelease" */;
			buildPhases = (
				FDBF6BF619D1038000352DFA /* Sources */,
				FDBF6C2419D1038000352DFA /* Frameworks */,
				FDBF6C2D19D1038000352DFA /* Resources */,
			);
			buildRules = (
			);
			dependencies = (
			);
			name = FaceAlbumRelease;
			productName = FaceAlbum;
			productReference = FDBF6ED319D1038000352DFA /* FaceAlbum.app */;
			productType = "com.apple.product-type.application";
		};
/* End PBXNativeTarget section */

/* Begin PBXProject section */
		FD67D876197DFCFB00D2CCDA /* Project object */ = {
			isa = PBXProject;
			attributes = {
				CLASSPREFIX = SDE;
				LastUpgradeCheck = 0510;
				ORGANIZATIONNAME = seedante;
				TargetAttributes = {
					FD67D87D197DFCFB00D2CCDA = {
						DevelopmentTeam = 6Z8XUV9H6J;
					};
					FD67D89D197DFCFB00D2CCDA = {
						TestTargetID = FD67D87D197DFCFB00D2CCDA;
					};
					FDBF6BF519D1038000352DFA = {
						DevelopmentTeam = 6Z8XUV9H6J;
					};
				};
			};
			buildConfigurationList = FD67D879197DFCFB00D2CCDA /* Build configuration list for PBXProject "FaceAlbum" */;
			compatibilityVersion = "Xcode 3.2";
			developmentRegion = English;
			hasScannedForEncodings = 0;
			knownRegions = (
				en,
			);
			mainGroup = FD67D875197DFCFB00D2CCDA;
			productRefGroup = FD67D87F197DFCFB00D2CCDA /* Products */;
			projectDirPath = "";
			projectRoot = "";
			targets = (
				FD67D87D197DFCFB00D2CCDA /* FaceAlbumDev */,
				FD67D89D197DFCFB00D2CCDA /* FaceAlbumTests */,
				FDBF6BF519D1038000352DFA /* FaceAlbumRelease */,
			);
		};
/* End PBXProject section */

/* Begin PBXResourcesBuildPhase section */
		FD67D87C197DFCFB00D2CCDA /* Resources */ = {
			isa = PBXResourcesBuildPhase;
			buildActionMask = 2147483647;
			files = (
				FD7E22411A076B9E00463C67 /* detectFace.png in Resources */,
				FD7E22511A076C5600463C67 /* Photo@2x.png in Resources */,
				FD7D430F1A19FB4500551093 /* face.png in Resources */,
				FD7E22431A076B9E00463C67 /* detectFace@2x.png in Resources */,
				FD7E223D1A076B9E00463C67 /* centerButton.png in Resources */,
				FD7D43211A1A40F900551093 /* Album@2x.png in Resources */,
				FD7E22451A076B9E00463C67 /* editPerson.png in Resources */,
				FD7D43151A1A04BF00551093 /* drawer.png in Resources */,
				FD7E223F1A076B9E00463C67 /* centerButton@2x.png in Resources */,
				FD7E22491A076B9E00463C67 /* up.png in Resources */,
				FDBF6F4419D2D8E700352DFA /* Aged-Paper.png in Resources */,
				FD7E224B1A076B9E00463C67 /* up@2x.png in Resources */,
				FD67D88E197DFCFB00D2CCDA /* InfoPlist.strings in Resources */,
				FDBF6F5619D2D8E700352DFA /* Wood-Planks@2x.png in Resources */,
				FD7D43271A1A432D00551093 /* changeStyle@2x.png in Resources */,
				FD7E22471A076B9E00463C67 /* editPerson@2x.png in Resources */,
				FD7D43111A19FB4500551093 /* face@2x.png in Resources */,
				FDBF6F5419D2D8E700352DFA /* Wood-Planks.png in Resources */,
				FD3802B61981040100AE51DF /* Main_iPad.storyboard in Resources */,
				FD7E22371A076B9E00463C67 /* addPerson.png in Resources */,
				FDC755531A09038300ECBFFF /* addPerson@2x.png in Resources */,
				FD7E224F1A076C5600463C67 /* Photo.png in Resources */,
				FD67D899197DFCFB00D2CCDA /* Images.xcassets in Resources */,
				FD7D432A1A1B017100551093 /* AccessDenied.png in Resources */,
				FD7D431F1A1A40F900551093 /* Album.png in Resources */,
				FDBF6F4819D2D8E700352DFA /* Apple-Wood.png in Resources */,
				FDBF6F4A19D2D8E700352DFA /* Apple-Wood@2x.png in Resources */,
				FD7D43251A1A432D00551093 /* changeStyle.png in Resources */,
				FD7D43171A1A04BF00551093 /* drawer@2x.png in Resources */,
				FD7E22391A076B9E00463C67 /* avator.png in Resources */,
				FDC755591A090B0000ECBFFF /* FacelessManPoster.jpg in Resources */,
				FD7E223B1A076B9E00463C67 /* avator@2x.png in Resources */,
				FDBF6F4619D2D8E700352DFA /* Aged-Paper@2x.png in Resources */,
				FDDA9DC71A07B3DE00055225 /* FacelessManAvator.png in Resources */,
			);
			runOnlyForDeploymentPostprocessing = 0;
		};
		FD67D89C197DFCFB00D2CCDA /* Resources */ = {
			isa = PBXResourcesBuildPhase;
			buildActionMask = 2147483647;
			files = (
				FD67D8AB197DFCFB00D2CCDA /* InfoPlist.strings in Resources */,
			);
			runOnlyForDeploymentPostprocessing = 0;
		};
		FDBF6C2D19D1038000352DFA /* Resources */ = {
			isa = PBXResourcesBuildPhase;
			buildActionMask = 2147483647;
			files = (
				FD7E22421A076B9E00463C67 /* detectFace.png in Resources */,
				FD7E22521A076C5600463C67 /* Photo@2x.png in Resources */,
				FD7E22441A076B9E00463C67 /* detectFace@2x.png in Resources */,
				FD7E223E1A076B9E00463C67 /* centerButton.png in Resources */,
				FD7D43221A1A40F900551093 /* Album@2x.png in Resources */,
				FD7E22461A076B9E00463C67 /* editPerson.png in Resources */,
				FD7D43281A1A432D00551093 /* changeStyle@2x.png in Resources */,
				FD7D43101A19FB4500551093 /* face.png in Resources */,
				FD7E22401A076B9E00463C67 /* centerButton@2x.png in Resources */,
				FD7E224A1A076B9E00463C67 /* up.png in Resources */,
				FDBF6F4519D2D8E700352DFA /* Aged-Paper.png in Resources */,
				FD7E224C1A076B9E00463C67 /* up@2x.png in Resources */,
				FDBF6F5719D2D8E700352DFA /* Wood-Planks@2x.png in Resources */,
				FD7E22481A076B9E00463C67 /* editPerson@2x.png in Resources */,
				FDBF6F5519D2D8E700352DFA /* Wood-Planks.png in Resources */,
				FDBF6CFA19D1038000352DFA /* Main_iPad.storyboard in Resources */,
				FD7E22381A076B9E00463C67 /* addPerson.png in Resources */,
				FDC755541A09038300ECBFFF /* addPerson@2x.png in Resources */,
				FD7E22501A076C5600463C67 /* Photo.png in Resources */,
				FD7D43121A19FB4500551093 /* face@2x.png in Resources */,
				FDBF6D2F19D1038000352DFA /* Images.xcassets in Resources */,
				FDBF6F4919D2D8E700352DFA /* Apple-Wood.png in Resources */,
				FDBF6F4B19D2D8E700352DFA /* Apple-Wood@2x.png in Resources */,
				FD7D432B1A1B017100551093 /* AccessDenied.png in Resources */,
				FD7D43201A1A40F900551093 /* Album.png in Resources */,
				FD7D43161A1A04BF00551093 /* drawer.png in Resources */,
				FD7E223A1A076B9E00463C67 /* avator.png in Resources */,
				FDC7555A1A090B0000ECBFFF /* FacelessManPoster.jpg in Resources */,
				FD7E223C1A076B9E00463C67 /* avator@2x.png in Resources */,
				FD7D43261A1A432D00551093 /* changeStyle.png in Resources */,
				FDBF6F4719D2D8E700352DFA /* Aged-Paper@2x.png in Resources */,
				FD7D43181A1A04BF00551093 /* drawer@2x.png in Resources */,
				FDDA9DC81A07B3DE00055225 /* FacelessManAvator.png in Resources */,
			);
			runOnlyForDeploymentPostprocessing = 0;
		};
/* End PBXResourcesBuildPhase section */

/* Begin PBXSourcesBuildPhase section */
		FD67D87A197DFCFB00D2CCDA /* Sources */ = {
			isa = PBXSourcesBuildPhase;
			buildActionMask = 2147483647;
			files = (
				FD7327AD197FDD60006C5A2C /* SDEMRVCDataSource.m in Sources */,
				FD7D437D1A1EDB5200551093 /* FaceppRecognition.m in Sources */,
				FD4131341997486B00141578 /* SDEScanRoomViewController.m in Sources */,
				FD7D43811A1EDB5200551093 /* FaceppError.m in Sources */,
				FD7D2F9D197E97C7004E8FFD /* Face.m in Sources */,
				FD67D890197DFCFB00D2CCDA /* main.m in Sources */,
				FD7D430A1A19F9FF00551093 /* SDEPhotoViewController.m in Sources */,
				FD7D43831A1EDB5200551093 /* FaceppResult.m in Sources */,
				FDB3607F19CEC33300AAE34D /* SDEPopupPanel.m in Sources */,
				FD7D2F9A197E97C7004E8FFD /* AlbumGroup.m in Sources */,
				FD7D43771A1EDB5200551093 /* FaceppGrouping.m in Sources */,
				FD7D436F1A1EDB5200551093 /* FaceppClient.m in Sources */,
				FDC2609D19B42D980010FF57 /* SDEGalleryCell.m in Sources */,
				FD290B2819C5860E003A26DC /* SDEPersonProfileHeaderView.m in Sources */,
				FD67D894197DFCFB00D2CCDA /* SDEAppDelegate.m in Sources */,
				FD1164E819A8808500C1A41F /* SDECandidateCell.m in Sources */,
				FD7D437F1A1EDB5200551093 /* FaceppTrainer.m in Sources */,
				FD4131351997486B00141578 /* SDEFaceVCDataSource.m in Sources */,
				FD7D433B1A1DA4A300551093 /* SDEPhotoSceneDataSource.m in Sources */,
				FD4131371997486B00141578 /* PhotoCell.m in Sources */,
				FD7D2FA3197E97C7004E8FFD /* Photo.m in Sources */,
				FD7D43961A20D5D200551093 /* LineLayout.m in Sources */,
				FD7D431B1A1A089C00551093 /* SDESpecialItemVC.m in Sources */,
				FDB3608219CF1EE800AAE34D /* SDENewPhotoDetector.m in Sources */,
				FD41313A19974A5E00141578 /* PhotoScanManager.mm in Sources */,
				FDBF6EF119D1A78F00352DFA /* FaceAlbum.xcdatamodeld in Sources */,
				FD7D43731A1EDB5200551093 /* FaceppFaceset.m in Sources */,
				FD7D43791A1EDB5200551093 /* FaceppInfo.m in Sources */,
				FD3A106219CDC3C9006A3B4E /* SDEAvatorCheckmarkView.m in Sources */,
				FD4131361997486B00141578 /* FaceCell.m in Sources */,
				FDE09AB91980A96400CDB283 /* SDEAvatorCell.m in Sources */,
				FD67D8FD197E048400D2CCDA /* Store.m in Sources */,
				FD7D436D1A1EDB5200551093 /* FaceppAPI.m in Sources */,
				FD7D2F95197E7B55004E8FFD /* SDEMontageRoomViewController.m in Sources */,
				FD7D43921A1F6E3A00551093 /* HorizontalCollectionViewLayout.m in Sources */,
				FD7D438D1A1F6DDF00551093 /* SDEFaceRoomViewController.m in Sources */,
				FD3A106519CDC44F006A3B4E /* SDEAvatorOverlayView.m in Sources */,
				FD7D2FA0197E97C7004E8FFD /* Person.m in Sources */,
				FD7D43751A1EDB5200551093 /* FaceppGroup.m in Sources */,
				FD7D43711A1EDB5200551093 /* FaceppDetection.m in Sources */,
				FD67D8E3197DFD6100D2CCDA /* FaceppDetection+LocalResultUploader.m in Sources */,
				FD7D437B1A1EDB5200551093 /* FaceppPerson.m in Sources */,
			);
			runOnlyForDeploymentPostprocessing = 0;
		};
		FD67D89A197DFCFB00D2CCDA /* Sources */ = {
			isa = PBXSourcesBuildPhase;
			buildActionMask = 2147483647;
			files = (
				FD67D8AD197DFCFB00D2CCDA /* FaceAlbumTests.m in Sources */,
			);
			runOnlyForDeploymentPostprocessing = 0;
		};
		FDBF6BF619D1038000352DFA /* Sources */ = {
			isa = PBXSourcesBuildPhase;
			buildActionMask = 2147483647;
			files = (
				FDBF6BF819D1038000352DFA /* SDEMRVCDataSource.m in Sources */,
				FD7D437E1A1EDB5200551093 /* FaceppRecognition.m in Sources */,
				FDBF6BFD19D1038000352DFA /* SDEScanRoomViewController.m in Sources */,
				FD7D43821A1EDB5200551093 /* FaceppError.m in Sources */,
				FDBF6BFF19D1038000352DFA /* Face.m in Sources */,
				FDBF6C0019D1038000352DFA /* main.m in Sources */,
				FD7D430B1A19F9FF00551093 /* SDEPhotoViewController.m in Sources */,
				FD7D43841A1EDB5200551093 /* FaceppResult.m in Sources */,
				FDBF6C0119D1038000352DFA /* SDEPopupPanel.m in Sources */,
				FDBF6C0219D1038000352DFA /* AlbumGroup.m in Sources */,
				FD7D43781A1EDB5200551093 /* FaceppGrouping.m in Sources */,
				FD7D43701A1EDB5200551093 /* FaceppClient.m in Sources */,
				FDBF6C0319D1038000352DFA /* SDEGalleryCell.m in Sources */,
				FDBF6C0719D1038000352DFA /* SDEPersonProfileHeaderView.m in Sources */,
				FDBF6C0919D1038000352DFA /* SDEAppDelegate.m in Sources */,
				FDBF6C0A19D1038000352DFA /* SDECandidateCell.m in Sources */,
				FD7D43801A1EDB5200551093 /* FaceppTrainer.m in Sources */,
				FDBF6C0B19D1038000352DFA /* SDEFaceVCDataSource.m in Sources */,
				FD7D433C1A1DA4A300551093 /* SDEPhotoSceneDataSource.m in Sources */,
				FDBF6C0E19D1038000352DFA /* PhotoCell.m in Sources */,
				FDBF6C1019D1038000352DFA /* Photo.m in Sources */,
				FD7D43971A20D5D200551093 /* LineLayout.m in Sources */,
				FD7D431C1A1A089C00551093 /* SDESpecialItemVC.m in Sources */,
				FDBF6C1519D1038000352DFA /* SDENewPhotoDetector.m in Sources */,
				FDBF6C1719D1038000352DFA /* PhotoScanManager.mm in Sources */,
				FDBF6C1819D1038000352DFA /* SDEAvatorCheckmarkView.m in Sources */,
				FD7D43741A1EDB5200551093 /* FaceppFaceset.m in Sources */,
				FD7D437A1A1EDB5200551093 /* FaceppInfo.m in Sources */,
				FDBF6C1919D1038000352DFA /* FaceCell.m in Sources */,
				FDBF6EF219D1A78F00352DFA /* FaceAlbum.xcdatamodeld in Sources */,
				FDBF6C1B19D1038000352DFA /* SDEAvatorCell.m in Sources */,
				FDBF6C1D19D1038000352DFA /* Store.m in Sources */,
				FD7D436E1A1EDB5200551093 /* FaceppAPI.m in Sources */,
				FDBF6C2019D1038000352DFA /* SDEMontageRoomViewController.m in Sources */,
				FD7D43931A1F6E3A00551093 /* HorizontalCollectionViewLayout.m in Sources */,
				FD7D438E1A1F6DDF00551093 /* SDEFaceRoomViewController.m in Sources */,
				FDBF6C2119D1038000352DFA /* SDEAvatorOverlayView.m in Sources */,
				FDBF6C2219D1038000352DFA /* Person.m in Sources */,
				FD7D43761A1EDB5200551093 /* FaceppGroup.m in Sources */,
				FD7D43721A1EDB5200551093 /* FaceppDetection.m in Sources */,
				FDBF6C2319D1038000352DFA /* FaceppDetection+LocalResultUploader.m in Sources */,
				FD7D437C1A1EDB5200551093 /* FaceppPerson.m in Sources */,
			);
			runOnlyForDeploymentPostprocessing = 0;
		};
/* End PBXSourcesBuildPhase section */

/* Begin PBXTargetDependency section */
		FD67D8A5197DFCFB00D2CCDA /* PBXTargetDependency */ = {
			isa = PBXTargetDependency;
			target = FD67D87D197DFCFB00D2CCDA /* FaceAlbumDev */;
			targetProxy = FD67D8A4197DFCFB00D2CCDA /* PBXContainerItemProxy */;
		};
/* End PBXTargetDependency section */

/* Begin PBXVariantGroup section */
		FD67D88C197DFCFB00D2CCDA /* InfoPlist.strings */ = {
			isa = PBXVariantGroup;
			children = (
				FD67D88D197DFCFB00D2CCDA /* en */,
			);
			name = InfoPlist.strings;
			sourceTree = "<group>";
		};
		FD67D8A9197DFCFB00D2CCDA /* InfoPlist.strings */ = {
			isa = PBXVariantGroup;
			children = (
				FD67D8AA197DFCFB00D2CCDA /* en */,
			);
			name = InfoPlist.strings;
			sourceTree = "<group>";
		};
/* End PBXVariantGroup section */

/* Begin XCBuildConfiguration section */
		FD67D8AE197DFCFB00D2CCDA /* Debug */ = {
			isa = XCBuildConfiguration;
			buildSettings = {
				ALWAYS_SEARCH_USER_PATHS = NO;
				CLANG_CXX_LANGUAGE_STANDARD = "gnu++0x";
				CLANG_CXX_LIBRARY = "libc++";
				CLANG_ENABLE_MODULES = YES;
				CLANG_ENABLE_OBJC_ARC = YES;
				CLANG_WARN_BOOL_CONVERSION = YES;
				CLANG_WARN_CONSTANT_CONVERSION = YES;
				CLANG_WARN_DIRECT_OBJC_ISA_USAGE = YES_ERROR;
				CLANG_WARN_EMPTY_BODY = YES;
				CLANG_WARN_ENUM_CONVERSION = YES;
				CLANG_WARN_INT_CONVERSION = YES;
				CLANG_WARN_OBJC_ROOT_CLASS = YES_ERROR;
				CLANG_WARN__DUPLICATE_METHOD_MATCH = YES;
				"CODE_SIGN_IDENTITY[sdk=iphoneos*]" = "iPhone Developer";
				COPY_PHASE_STRIP = NO;
				GCC_C_LANGUAGE_STANDARD = gnu99;
				GCC_DYNAMIC_NO_PIC = NO;
				GCC_OPTIMIZATION_LEVEL = 0;
				GCC_PREPROCESSOR_DEFINITIONS = (
					"DEBUG_MODE=1",
					"$(inherited)",
				);
				GCC_SYMBOLS_PRIVATE_EXTERN = NO;
				GCC_WARN_64_TO_32_BIT_CONVERSION = YES;
				GCC_WARN_ABOUT_RETURN_TYPE = YES_ERROR;
				GCC_WARN_UNDECLARED_SELECTOR = YES;
				GCC_WARN_UNINITIALIZED_AUTOS = YES_AGGRESSIVE;
				GCC_WARN_UNUSED_FUNCTION = YES;
				GCC_WARN_UNUSED_VARIABLE = YES;
				IPHONEOS_DEPLOYMENT_TARGET = 7.1;
				ONLY_ACTIVE_ARCH = YES;
				SDKROOT = iphoneos;
				TARGETED_DEVICE_FAMILY = 2;
				VALIDATE_PRODUCT = YES;
			};
			name = Debug;
		};
		FD67D8AF197DFCFB00D2CCDA /* Release */ = {
			isa = XCBuildConfiguration;
			buildSettings = {
				ALWAYS_SEARCH_USER_PATHS = NO;
				CLANG_CXX_LANGUAGE_STANDARD = "gnu++0x";
				CLANG_CXX_LIBRARY = "libc++";
				CLANG_ENABLE_MODULES = YES;
				CLANG_ENABLE_OBJC_ARC = YES;
				CLANG_WARN_BOOL_CONVERSION = YES;
				CLANG_WARN_CONSTANT_CONVERSION = YES;
				CLANG_WARN_DIRECT_OBJC_ISA_USAGE = YES_ERROR;
				CLANG_WARN_EMPTY_BODY = YES;
				CLANG_WARN_ENUM_CONVERSION = YES;
				CLANG_WARN_INT_CONVERSION = YES;
				CLANG_WARN_OBJC_ROOT_CLASS = YES_ERROR;
				CLANG_WARN__DUPLICATE_METHOD_MATCH = YES;
				"CODE_SIGN_IDENTITY[sdk=iphoneos*]" = "iPhone Developer";
				COPY_PHASE_STRIP = YES;
				ENABLE_NS_ASSERTIONS = NO;
				GCC_C_LANGUAGE_STANDARD = gnu99;
				GCC_WARN_64_TO_32_BIT_CONVERSION = YES;
				GCC_WARN_ABOUT_RETURN_TYPE = YES_ERROR;
				GCC_WARN_UNDECLARED_SELECTOR = YES;
				GCC_WARN_UNINITIALIZED_AUTOS = YES_AGGRESSIVE;
				GCC_WARN_UNUSED_FUNCTION = YES;
				GCC_WARN_UNUSED_VARIABLE = YES;
				IPHONEOS_DEPLOYMENT_TARGET = 7.1;
				SDKROOT = iphoneos;
				TARGETED_DEVICE_FAMILY = 2;
				VALIDATE_PRODUCT = YES;
			};
			name = Release;
		};
		FD67D8B1197DFCFB00D2CCDA /* Debug */ = {
			isa = XCBuildConfiguration;
			buildSettings = {
				ASSETCATALOG_COMPILER_APPICON_NAME = AppIcon;
				ASSETCATALOG_COMPILER_LAUNCHIMAGE_NAME = LaunchImage;
				CLANG_CXX_LANGUAGE_STANDARD = "c++98";
				CLANG_CXX_LIBRARY = "libstdc++";
				CLANG_ENABLE_MODULES = YES;
				CLANG_WARN_OBJC_MISSING_PROPERTY_SYNTHESIS = NO;
				CODE_SIGN_IDENTITY = "iPhone Developer";
				"CODE_SIGN_IDENTITY[sdk=iphoneos*]" = "iPhone Developer";
				EXCLUDED_RECURSIVE_SEARCH_PATH_SUBDIRECTORIES = "*.nib *.lproj *.framework *.gch *.xcode* (*) .DS_Store CVS .svn .git .hg";
				GCC_C_LANGUAGE_STANDARD = "compiler-default";
				GCC_PRECOMPILE_PREFIX_HEADER = YES;
				GCC_PREFIX_HEADER = "FaceAlbum/FaceAlbum-Prefix.pch";
				GCC_WARN_UNKNOWN_PRAGMAS = NO;
				GCC_WARN_UNUSED_PARAMETER = NO;
				GCC_WARN_UNUSED_VARIABLE = YES;
				INFOPLIST_FILE = "$(SRCROOT)/FaceAlbum/FaceAlbumDev-Info.plist";
				IPHONEOS_DEPLOYMENT_TARGET = 7.1;
				LD_RUNPATH_SEARCH_PATHS = "$(inherited) @executable_path/Frameworks";
				LIBRARY_SEARCH_PATHS = (
					"$(inherited)",
					"$(PROJECT_DIR)/FaceppLocalDetector",
				);
				OTHER_CFLAGS = "-Wno-gnu";
				OTHER_CPLUSPLUSFLAGS = "$(OTHER_CFLAGS)";
				PRODUCT_NAME = "$(TARGET_NAME)";
				PROVISIONING_PROFILE = "";
				SWIFT_OPTIMIZATION_LEVEL = "-Onone";
				WARNING_CFLAGS = (
					"-Wshadow",
					"-Wfloat-equal",
				);
				WRAPPER_EXTENSION = app;
			};
			name = Debug;
		};
		FD67D8B2197DFCFB00D2CCDA /* Release */ = {
			isa = XCBuildConfiguration;
			buildSettings = {
				ASSETCATALOG_COMPILER_APPICON_NAME = AppIcon;
				ASSETCATALOG_COMPILER_LAUNCHIMAGE_NAME = LaunchImage;
				CLANG_CXX_LANGUAGE_STANDARD = "c++98";
				CLANG_CXX_LIBRARY = "libstdc++";
				CLANG_ENABLE_MODULES = YES;
				CLANG_WARN_OBJC_MISSING_PROPERTY_SYNTHESIS = NO;
				CODE_SIGN_IDENTITY = "iPhone Developer";
				"CODE_SIGN_IDENTITY[sdk=iphoneos*]" = "iPhone Developer";
				EXCLUDED_RECURSIVE_SEARCH_PATH_SUBDIRECTORIES = "*.nib *.lproj *.framework *.gch *.xcode* (*) .DS_Store CVS .svn .git .hg";
				GCC_C_LANGUAGE_STANDARD = "compiler-default";
				GCC_PRECOMPILE_PREFIX_HEADER = YES;
				GCC_PREFIX_HEADER = "FaceAlbum/FaceAlbum-Prefix.pch";
				GCC_WARN_UNUSED_PARAMETER = NO;
				GCC_WARN_UNUSED_VARIABLE = YES;
				INFOPLIST_FILE = "$(SRCROOT)/FaceAlbum/FaceAlbumDev-Info.plist";
				IPHONEOS_DEPLOYMENT_TARGET = 7.1;
				LD_RUNPATH_SEARCH_PATHS = "$(inherited) @executable_path/Frameworks";
				LIBRARY_SEARCH_PATHS = (
					"$(inherited)",
					"$(PROJECT_DIR)/FaceppLocalDetector",
				);
				OTHER_CFLAGS = "-Wno-gnu";
				OTHER_CPLUSPLUSFLAGS = "$(OTHER_CFLAGS)";
				PRODUCT_NAME = "$(TARGET_NAME)";
				PROVISIONING_PROFILE = "";
				WARNING_CFLAGS = (
					"-Wshadow",
					"-Wfloat-equal",
				);
				WRAPPER_EXTENSION = app;
			};
			name = Release;
		};
		FD67D8B4197DFCFB00D2CCDA /* Debug */ = {
			isa = XCBuildConfiguration;
			buildSettings = {
				BUNDLE_LOADER = "$(BUILT_PRODUCTS_DIR)/FaceAlbum.app/FaceAlbum";
				FRAMEWORK_SEARCH_PATHS = (
					"$(SDKROOT)/Developer/Library/Frameworks",
					"$(inherited)",
					"$(DEVELOPER_FRAMEWORKS_DIR)",
				);
				GCC_PRECOMPILE_PREFIX_HEADER = YES;
				GCC_PREFIX_HEADER = "FaceAlbum/FaceAlbum-Prefix.pch";
				GCC_PREPROCESSOR_DEFINITIONS = (
					"DEBUG=1",
					"$(inherited)",
				);
				INFOPLIST_FILE = "FaceAlbumTests/FaceAlbumTests-Info.plist";
				PRODUCT_NAME = "$(TARGET_NAME)";
				TEST_HOST = "$(BUNDLE_LOADER)";
				WRAPPER_EXTENSION = xctest;
			};
			name = Debug;
		};
		FD67D8B5197DFCFB00D2CCDA /* Release */ = {
			isa = XCBuildConfiguration;
			buildSettings = {
				BUNDLE_LOADER = "$(BUILT_PRODUCTS_DIR)/FaceAlbum.app/FaceAlbum";
				FRAMEWORK_SEARCH_PATHS = (
					"$(SDKROOT)/Developer/Library/Frameworks",
					"$(inherited)",
					"$(DEVELOPER_FRAMEWORKS_DIR)",
				);
				GCC_PRECOMPILE_PREFIX_HEADER = YES;
				GCC_PREFIX_HEADER = "FaceAlbum/FaceAlbum-Prefix.pch";
				INFOPLIST_FILE = "FaceAlbumTests/FaceAlbumTests-Info.plist";
				PRODUCT_NAME = "$(TARGET_NAME)";
				TEST_HOST = "$(BUNDLE_LOADER)";
				WRAPPER_EXTENSION = xctest;
			};
			name = Release;
		};
		FDBF6ED119D1038000352DFA /* Debug */ = {
			isa = XCBuildConfiguration;
			buildSettings = {
				ASSETCATALOG_COMPILER_APPICON_NAME = AppIcon;
				ASSETCATALOG_COMPILER_LAUNCHIMAGE_NAME = LaunchImage;
				CLANG_CXX_LANGUAGE_STANDARD = "c++98";
				CLANG_CXX_LIBRARY = "libstdc++";
				CLANG_ENABLE_MODULES = YES;
				CLANG_WARN_OBJC_MISSING_PROPERTY_SYNTHESIS = NO;
				CODE_SIGN_IDENTITY = "iPhone Developer";
				EXCLUDED_RECURSIVE_SEARCH_PATH_SUBDIRECTORIES = "*.nib *.lproj *.framework *.gch *.xcode* (*) .DS_Store CVS .svn .git .hg";
				GCC_C_LANGUAGE_STANDARD = "compiler-default";
				GCC_PRECOMPILE_PREFIX_HEADER = YES;
				GCC_PREFIX_HEADER = "FaceAlbum/FaceAlbum-Prefix.pch";
				GCC_WARN_UNKNOWN_PRAGMAS = NO;
				GCC_WARN_UNUSED_PARAMETER = NO;
				GCC_WARN_UNUSED_VARIABLE = YES;
				INFOPLIST_FILE = "$(SRCROOT)/FaceAlbumRelease-Info.plist";
				IPHONEOS_DEPLOYMENT_TARGET = 7.1;
				LD_RUNPATH_SEARCH_PATHS = "$(inherited) @executable_path/Frameworks";
				LIBRARY_SEARCH_PATHS = (
					"$(inherited)",
					"$(PROJECT_DIR)/FaceppLocalDetector",
				);
				OTHER_CFLAGS = "-Wno-gnu";
				OTHER_CPLUSPLUSFLAGS = "$(OTHER_CFLAGS)";
				PRODUCT_NAME = FaceAlbum;
				SWIFT_OPTIMIZATION_LEVEL = "-Onone";
				TARGETED_DEVICE_FAMILY = 2;
				WARNING_CFLAGS = (
					"-Wshadow",
					"-Wfloat-equal",
				);
				WRAPPER_EXTENSION = app;
			};
			name = Debug;
		};
		FDBF6ED219D1038000352DFA /* Release */ = {
			isa = XCBuildConfiguration;
			buildSettings = {
				ASSETCATALOG_COMPILER_APPICON_NAME = AppIcon;
				ASSETCATALOG_COMPILER_LAUNCHIMAGE_NAME = LaunchImage;
				CLANG_CXX_LANGUAGE_STANDARD = "c++98";
				CLANG_CXX_LIBRARY = "libstdc++";
				CLANG_ENABLE_MODULES = YES;
				CLANG_WARN_OBJC_MISSING_PROPERTY_SYNTHESIS = NO;
				CODE_SIGN_IDENTITY = "iPhone Developer";
				EXCLUDED_RECURSIVE_SEARCH_PATH_SUBDIRECTORIES = "*.nib *.lproj *.framework *.gch *.xcode* (*) .DS_Store CVS .svn .git .hg";
				GCC_C_LANGUAGE_STANDARD = "compiler-default";
				GCC_PRECOMPILE_PREFIX_HEADER = YES;
				GCC_PREFIX_HEADER = "FaceAlbum/FaceAlbum-Prefix.pch";
				GCC_WARN_UNUSED_PARAMETER = NO;
				GCC_WARN_UNUSED_VARIABLE = YES;
				INFOPLIST_FILE = "$(SRCROOT)/FaceAlbumRelease-Info.plist";
				IPHONEOS_DEPLOYMENT_TARGET = 7.1;
				LD_RUNPATH_SEARCH_PATHS = "$(inherited) @executable_path/Frameworks";
				LIBRARY_SEARCH_PATHS = (
					"$(inherited)",
					"$(PROJECT_DIR)/FaceppLocalDetector",
				);
				OTHER_CFLAGS = "-Wno-gnu";
				OTHER_CPLUSPLUSFLAGS = "$(OTHER_CFLAGS)";
				PRODUCT_NAME = FaceAlbum;
				TARGETED_DEVICE_FAMILY = 2;
				WARNING_CFLAGS = (
					"-Wshadow",
					"-Wfloat-equal",
				);
				WRAPPER_EXTENSION = app;
			};
			name = Release;
		};
/* End XCBuildConfiguration section */

/* Begin XCConfigurationList section */
		FD67D879197DFCFB00D2CCDA /* Build configuration list for PBXProject "FaceAlbum" */ = {
			isa = XCConfigurationList;
			buildConfigurations = (
				FD67D8AE197DFCFB00D2CCDA /* Debug */,
				FD67D8AF197DFCFB00D2CCDA /* Release */,
			);
			defaultConfigurationIsVisible = 0;
			defaultConfigurationName = Release;
		};
		FD67D8B0197DFCFB00D2CCDA /* Build configuration list for PBXNativeTarget "FaceAlbumDev" */ = {
			isa = XCConfigurationList;
			buildConfigurations = (
				FD67D8B1197DFCFB00D2CCDA /* Debug */,
				FD67D8B2197DFCFB00D2CCDA /* Release */,
			);
			defaultConfigurationIsVisible = 0;
			defaultConfigurationName = Release;
		};
		FD67D8B3197DFCFB00D2CCDA /* Build configuration list for PBXNativeTarget "FaceAlbumTests" */ = {
			isa = XCConfigurationList;
			buildConfigurations = (
				FD67D8B4197DFCFB00D2CCDA /* Debug */,
				FD67D8B5197DFCFB00D2CCDA /* Release */,
			);
			defaultConfigurationIsVisible = 0;
			defaultConfigurationName = Release;
		};
		FDBF6ED019D1038000352DFA /* Build configuration list for PBXNativeTarget "FaceAlbumRelease" */ = {
			isa = XCConfigurationList;
			buildConfigurations = (
				FDBF6ED119D1038000352DFA /* Debug */,
				FDBF6ED219D1038000352DFA /* Release */,
			);
			defaultConfigurationIsVisible = 0;
			defaultConfigurationName = Release;
		};
/* End XCConfigurationList section */

/* Begin XCVersionGroup section */
		FDBF6EEF19D1A78F00352DFA /* FaceAlbum.xcdatamodeld */ = {
			isa = XCVersionGroup;
			children = (
				FD91AACE1A2393F5000E4EB1 /* FaceAlbum 4.xcdatamodel */,
				FD7E22531A0770B200463C67 /* FaceAlbum 3.xcdatamodel */,
				FD339F7019EB28530025E149 /* FaceAlbum 2.xcdatamodel */,
				FDBF6EF019D1A78F00352DFA /* FaceAlbum.xcdatamodel */,
			);
			currentVersion = FDBF6EF019D1A78F00352DFA /* FaceAlbum.xcdatamodel */;
			name = FaceAlbum.xcdatamodeld;
			path = ../FaceAlbum/FaceAlbum.xcdatamodeld;
			sourceTree = "<group>";
			versionGroupType = wrapper.xcdatamodel;
		};
/* End XCVersionGroup section */
	};
	rootObject = FD67D876197DFCFB00D2CCDA /* Project object */;
}
